// !$*UTF8*$!
{
	archiveVersion = 1;
	classes = {
	};
	objectVersion = 46;
	objects = {

/* Begin PBXBuildFile section */
		A20E753D19843A82008BE1D8 /* AMMAssignCatTVC.m in Sources */ = {isa = PBXBuildFile; fileRef = A20E753C19843A82008BE1D8 /* AMMAssignCatTVC.m */; };
		A20E753F19843CD6008BE1D8 /* AMMAssignCatHeader.xib in Resources */ = {isa = PBXBuildFile; fileRef = A20E753E19843CD6008BE1D8 /* AMMAssignCatHeader.xib */; };
		A2274516197EFE7D00BB76C4 /* AMMClassPageController.m in Sources */ = {isa = PBXBuildFile; fileRef = A2274515197EFE7D00BB76C4 /* AMMClassPageController.m */; };
		A227451A197EFF4900BB76C4 /* AMMSchoolClassVC.m in Sources */ = {isa = PBXBuildFile; fileRef = A2274518197EFF4900BB76C4 /* AMMSchoolClassVC.m */; };
		A227451B197EFF4900BB76C4 /* AMMSchoolClassVC.xib in Resources */ = {isa = PBXBuildFile; fileRef = A2274519197EFF4900BB76C4 /* AMMSchoolClassVC.xib */; };
		A231D542197A06F9006FD823 /* AMMSemesterHeader.xib in Resources */ = {isa = PBXBuildFile; fileRef = A231D541197A06F9006FD823 /* AMMSemesterHeader.xib */; };
		A231D545197A118E006FD823 /* UtilityMethods.m in Sources */ = {isa = PBXBuildFile; fileRef = A231D544197A118E006FD823 /* UtilityMethods.m */; };
		A2374C3B19819A1500D0FCCC /* AMMNewAssignmentCat.m in Sources */ = {isa = PBXBuildFile; fileRef = A2374C3919819A1500D0FCCC /* AMMNewAssignmentCat.m */; };
		A2374C3C19819A1500D0FCCC /* AMMNewAssignmentCat.xib in Resources */ = {isa = PBXBuildFile; fileRef = A2374C3A19819A1500D0FCCC /* AMMNewAssignmentCat.xib */; };
		A2443B3B197B06E700384034 /* AMMSeasonTitle.xib in Resources */ = {isa = PBXBuildFile; fileRef = A2443B3A197B06E700384034 /* AMMSeasonTitle.xib */; };
		A25033BC19DA8ADD00CCA02C /* AMMTriangleView.m in Sources */ = {isa = PBXBuildFile; fileRef = A25033BB19DA8ADD00CCA02C /* AMMTriangleView.m */; };
		A25CA0E719776E0100E9A757 /* Foundation.framework in Frameworks */ = {isa = PBXBuildFile; fileRef = A25CA0E619776E0100E9A757 /* Foundation.framework */; };
		A25CA0E919776E0100E9A757 /* CoreGraphics.framework in Frameworks */ = {isa = PBXBuildFile; fileRef = A25CA0E819776E0100E9A757 /* CoreGraphics.framework */; };
		A25CA0EB19776E0100E9A757 /* UIKit.framework in Frameworks */ = {isa = PBXBuildFile; fileRef = A25CA0EA19776E0100E9A757 /* UIKit.framework */; };
		A25CA0F119776E0100E9A757 /* InfoPlist.strings in Resources */ = {isa = PBXBuildFile; fileRef = A25CA0EF19776E0100E9A757 /* InfoPlist.strings */; };
		A25CA0F319776E0100E9A757 /* main.m in Sources */ = {isa = PBXBuildFile; fileRef = A25CA0F219776E0100E9A757 /* main.m */; };
		A25CA0F719776E0100E9A757 /* AMMAppDelegate.m in Sources */ = {isa = PBXBuildFile; fileRef = A25CA0F619776E0100E9A757 /* AMMAppDelegate.m */; };
		A25CA0F919776E0100E9A757 /* Images.xcassets in Resources */ = {isa = PBXBuildFile; fileRef = A25CA0F819776E0100E9A757 /* Images.xcassets */; };
		A25CA10019776E0100E9A757 /* XCTest.framework in Frameworks */ = {isa = PBXBuildFile; fileRef = A25CA0FF19776E0100E9A757 /* XCTest.framework */; };
		A25CA10119776E0100E9A757 /* Foundation.framework in Frameworks */ = {isa = PBXBuildFile; fileRef = A25CA0E619776E0100E9A757 /* Foundation.framework */; };
		A25CA10219776E0100E9A757 /* UIKit.framework in Frameworks */ = {isa = PBXBuildFile; fileRef = A25CA0EA19776E0100E9A757 /* UIKit.framework */; };
		A25CA10A19776E0100E9A757 /* InfoPlist.strings in Resources */ = {isa = PBXBuildFile; fileRef = A25CA10819776E0100E9A757 /* InfoPlist.strings */; };
		A25CA10C19776E0100E9A757 /* MedianAppTests.m in Sources */ = {isa = PBXBuildFile; fileRef = A25CA10B19776E0100E9A757 /* MedianAppTests.m */; };
		A25CA11E19776E5900E9A757 /* AMMSchoolClassCell.m in Sources */ = {isa = PBXBuildFile; fileRef = A25CA11C19776E5900E9A757 /* AMMSchoolClassCell.m */; };
		A25CA11F19776E5900E9A757 /* AMMSchoolClassCell.xib in Resources */ = {isa = PBXBuildFile; fileRef = A25CA11D19776E5900E9A757 /* AMMSchoolClassCell.xib */; };
		A25CA12619776E8A00E9A757 /* AMMClassCircle.m in Sources */ = {isa = PBXBuildFile; fileRef = A25CA12119776E8A00E9A757 /* AMMClassCircle.m */; };
		A25CA12E19776F9D00E9A757 /* AMMSemesterTVC.m in Sources */ = {isa = PBXBuildFile; fileRef = A25CA12D19776F9D00E9A757 /* AMMSemesterTVC.m */; };
		A2778EBE19B1309A00E0FC8F /* AMMCategoryCell.m in Sources */ = {isa = PBXBuildFile; fileRef = A2778EBC19B1309A00E0FC8F /* AMMCategoryCell.m */; };
		A2778EBF19B1309A00E0FC8F /* AMMCategoryCell.xib in Resources */ = {isa = PBXBuildFile; fileRef = A2778EBD19B1309A00E0FC8F /* AMMCategoryCell.xib */; };
		A2778EC819B130B900E0FC8F /* AMMClassStore.m in Sources */ = {isa = PBXBuildFile; fileRef = A2778EC119B130B900E0FC8F /* AMMClassStore.m */; };
		A2778EC919B130B900E0FC8F /* Assignment.m in Sources */ = {isa = PBXBuildFile; fileRef = A2778EC319B130B900E0FC8F /* Assignment.m */; };
		A2778ECA19B130B900E0FC8F /* AssignmentCategory.m in Sources */ = {isa = PBXBuildFile; fileRef = A2778EC519B130B900E0FC8F /* AssignmentCategory.m */; };
		A2778ECB19B130B900E0FC8F /* SchoolClass.m in Sources */ = {isa = PBXBuildFile; fileRef = A2778EC719B130B900E0FC8F /* SchoolClass.m */; };
		A2778ED019B130DC00E0FC8F /* AMMNewAssignment.xib in Resources */ = {isa = PBXBuildFile; fileRef = A2778ECC19B130DC00E0FC8F /* AMMNewAssignment.xib */; };
		A2778ED119B130DC00E0FC8F /* AMMNewClass.m in Sources */ = {isa = PBXBuildFile; fileRef = A2778ECE19B130DC00E0FC8F /* AMMNewClass.m */; };
		A2778ED219B130DC00E0FC8F /* AMMNewClass.xib in Resources */ = {isa = PBXBuildFile; fileRef = A2778ECF19B130DC00E0FC8F /* AMMNewClass.xib */; };
		A2CD54A819B12EBE00790E3F /* AMMNewAssignment.m in Sources */ = {isa = PBXBuildFile; fileRef = A2CD54A719B12EBE00790E3F /* AMMNewAssignment.m */; };
		A2CD54AB19B12F3B00790E3F /* AMMGradeBar.m in Sources */ = {isa = PBXBuildFile; fileRef = A2CD54AA19B12F3B00790E3F /* AMMGradeBar.m */; };
		A2CD54AE19B12F9000790E3F /* SlantyDashedView.m in Sources */ = {isa = PBXBuildFile; fileRef = A2CD54AD19B12F9000790E3F /* SlantyDashedView.m */; };
		A2CD54C119B12FF000790E3F /* Lato-Black.ttf in Resources */ = {isa = PBXBuildFile; fileRef = A2CD54AF19B12FF000790E3F /* Lato-Black.ttf */; };
		A2CD54C219B12FF000790E3F /* Lato-BlackItalic.ttf in Resources */ = {isa = PBXBuildFile; fileRef = A2CD54B019B12FF000790E3F /* Lato-BlackItalic.ttf */; };
		A2CD54C319B12FF000790E3F /* Lato-Bold.ttf in Resources */ = {isa = PBXBuildFile; fileRef = A2CD54B119B12FF000790E3F /* Lato-Bold.ttf */; };
		A2CD54C419B12FF000790E3F /* Lato-BoldItalic.ttf in Resources */ = {isa = PBXBuildFile; fileRef = A2CD54B219B12FF000790E3F /* Lato-BoldItalic.ttf */; };
		A2CD54C519B12FF000790E3F /* Lato-Hairline.ttf in Resources */ = {isa = PBXBuildFile; fileRef = A2CD54B319B12FF000790E3F /* Lato-Hairline.ttf */; };
		A2CD54C619B12FF000790E3F /* Lato-HairlineItalic.ttf in Resources */ = {isa = PBXBuildFile; fileRef = A2CD54B419B12FF000790E3F /* Lato-HairlineItalic.ttf */; };
		A2CD54C719B12FF000790E3F /* Lato-Heavy.ttf in Resources */ = {isa = PBXBuildFile; fileRef = A2CD54B519B12FF000790E3F /* Lato-Heavy.ttf */; };
		A2CD54C819B12FF000790E3F /* Lato-HeavyItalic.ttf in Resources */ = {isa = PBXBuildFile; fileRef = A2CD54B619B12FF000790E3F /* Lato-HeavyItalic.ttf */; };
		A2CD54C919B12FF000790E3F /* Lato-Italic.ttf in Resources */ = {isa = PBXBuildFile; fileRef = A2CD54B719B12FF000790E3F /* Lato-Italic.ttf */; };
		A2CD54CA19B12FF000790E3F /* Lato-Light.ttf in Resources */ = {isa = PBXBuildFile; fileRef = A2CD54B819B12FF000790E3F /* Lato-Light.ttf */; };
		A2CD54CB19B12FF000790E3F /* Lato-LightItalic.ttf in Resources */ = {isa = PBXBuildFile; fileRef = A2CD54B919B12FF000790E3F /* Lato-LightItalic.ttf */; };
		A2CD54CC19B12FF000790E3F /* Lato-Medium.ttf in Resources */ = {isa = PBXBuildFile; fileRef = A2CD54BA19B12FF000790E3F /* Lato-Medium.ttf */; };
		A2CD54CD19B12FF000790E3F /* Lato-MediumItalic.ttf in Resources */ = {isa = PBXBuildFile; fileRef = A2CD54BB19B12FF000790E3F /* Lato-MediumItalic.ttf */; };
		A2CD54CE19B12FF000790E3F /* Lato-Regular.ttf in Resources */ = {isa = PBXBuildFile; fileRef = A2CD54BC19B12FF000790E3F /* Lato-Regular.ttf */; };
		A2CD54CF19B12FF000790E3F /* Lato-Semibold.ttf in Resources */ = {isa = PBXBuildFile; fileRef = A2CD54BD19B12FF000790E3F /* Lato-Semibold.ttf */; };
		A2CD54D019B12FF000790E3F /* Lato-SemiboldItalic.ttf in Resources */ = {isa = PBXBuildFile; fileRef = A2CD54BE19B12FF000790E3F /* Lato-SemiboldItalic.ttf */; };
		A2CD54D119B12FF000790E3F /* Lato-Thin.ttf in Resources */ = {isa = PBXBuildFile; fileRef = A2CD54BF19B12FF000790E3F /* Lato-Thin.ttf */; };
		A2CD54D219B12FF000790E3F /* Lato-ThinItalic.ttf in Resources */ = {isa = PBXBuildFile; fileRef = A2CD54C019B12FF000790E3F /* Lato-ThinItalic.ttf */; };
		A2D4E91219CAAE7F00387B6F /* AMMClassGradeLabels.m in Sources */ = {isa = PBXBuildFile; fileRef = A2D4E91119CAAE7F00387B6F /* AMMClassGradeLabels.m */; };
		A2F92522197791E60082D38C /* AMMClassVC.xib in Resources */ = {isa = PBXBuildFile; fileRef = A2F92520197791E60082D38C /* AMMClassVC.xib */; };
/* End PBXBuildFile section */

/* Begin PBXContainerItemProxy section */
		A25CA10319776E0100E9A757 /* PBXContainerItemProxy */ = {
			isa = PBXContainerItemProxy;
			containerPortal = A25CA0DB19776E0100E9A757 /* Project object */;
			proxyType = 1;
			remoteGlobalIDString = A25CA0E219776E0100E9A757;
			remoteInfo = MedianApp;
		};
/* End PBXContainerItemProxy section */

/* Begin PBXFileReference section */
		A20E753B19843A82008BE1D8 /* AMMAssignCatTVC.h */ = {isa = PBXFileReference; fileEncoding = 4; lastKnownFileType = sourcecode.c.h; path = AMMAssignCatTVC.h; sourceTree = "<group>"; };
		A20E753C19843A82008BE1D8 /* AMMAssignCatTVC.m */ = {isa = PBXFileReference; fileEncoding = 4; lastKnownFileType = sourcecode.c.objc; path = AMMAssignCatTVC.m; sourceTree = "<group>"; };
		A20E753E19843CD6008BE1D8 /* AMMAssignCatHeader.xib */ = {isa = PBXFileReference; fileEncoding = 4; lastKnownFileType = file.xib; path = AMMAssignCatHeader.xib; sourceTree = "<group>"; };
		A2274514197EFE7D00BB76C4 /* AMMClassPageController.h */ = {isa = PBXFileReference; fileEncoding = 4; lastKnownFileType = sourcecode.c.h; path = AMMClassPageController.h; sourceTree = "<group>"; };
		A2274515197EFE7D00BB76C4 /* AMMClassPageController.m */ = {isa = PBXFileReference; fileEncoding = 4; lastKnownFileType = sourcecode.c.objc; path = AMMClassPageController.m; sourceTree = "<group>"; };
		A2274517197EFF4900BB76C4 /* AMMSchoolClassVC.h */ = {isa = PBXFileReference; fileEncoding = 4; lastKnownFileType = sourcecode.c.h; path = AMMSchoolClassVC.h; sourceTree = "<group>"; };
		A2274518197EFF4900BB76C4 /* AMMSchoolClassVC.m */ = {isa = PBXFileReference; fileEncoding = 4; lastKnownFileType = sourcecode.c.objc; path = AMMSchoolClassVC.m; sourceTree = "<group>"; };
		A2274519197EFF4900BB76C4 /* AMMSchoolClassVC.xib */ = {isa = PBXFileReference; fileEncoding = 4; lastKnownFileType = file.xib; path = AMMSchoolClassVC.xib; sourceTree = "<group>"; };
		A231D541197A06F9006FD823 /* AMMSemesterHeader.xib */ = {isa = PBXFileReference; fileEncoding = 4; lastKnownFileType = file.xib; path = AMMSemesterHeader.xib; sourceTree = "<group>"; };
		A231D543197A118E006FD823 /* UtilityMethods.h */ = {isa = PBXFileReference; fileEncoding = 4; lastKnownFileType = sourcecode.c.h; path = UtilityMethods.h; sourceTree = "<group>"; };
		A231D544197A118E006FD823 /* UtilityMethods.m */ = {isa = PBXFileReference; fileEncoding = 4; lastKnownFileType = sourcecode.c.objc; path = UtilityMethods.m; sourceTree = "<group>"; };
		A2374C3819819A1500D0FCCC /* AMMNewAssignmentCat.h */ = {isa = PBXFileReference; fileEncoding = 4; lastKnownFileType = sourcecode.c.h; path = AMMNewAssignmentCat.h; sourceTree = "<group>"; };
		A2374C3919819A1500D0FCCC /* AMMNewAssignmentCat.m */ = {isa = PBXFileReference; fileEncoding = 4; lastKnownFileType = sourcecode.c.objc; path = AMMNewAssignmentCat.m; sourceTree = "<group>"; };
		A2374C3A19819A1500D0FCCC /* AMMNewAssignmentCat.xib */ = {isa = PBXFileReference; fileEncoding = 4; lastKnownFileType = file.xib; path = AMMNewAssignmentCat.xib; sourceTree = "<group>"; };
		A2443B3A197B06E700384034 /* AMMSeasonTitle.xib */ = {isa = PBXFileReference; fileEncoding = 4; lastKnownFileType = file.xib; path = AMMSeasonTitle.xib; sourceTree = "<group>"; };
		A25033BA19DA8ADD00CCA02C /* AMMTriangleView.h */ = {isa = PBXFileReference; fileEncoding = 4; lastKnownFileType = sourcecode.c.h; path = AMMTriangleView.h; sourceTree = "<group>"; };
		A25033BB19DA8ADD00CCA02C /* AMMTriangleView.m */ = {isa = PBXFileReference; fileEncoding = 4; lastKnownFileType = sourcecode.c.objc; path = AMMTriangleView.m; sourceTree = "<group>"; };
		A25CA0E319776E0100E9A757 /* MedianApp.app */ = {isa = PBXFileReference; explicitFileType = wrapper.application; includeInIndex = 0; path = MedianApp.app; sourceTree = BUILT_PRODUCTS_DIR; };
		A25CA0E619776E0100E9A757 /* Foundation.framework */ = {isa = PBXFileReference; lastKnownFileType = wrapper.framework; name = Foundation.framework; path = System/Library/Frameworks/Foundation.framework; sourceTree = SDKROOT; };
		A25CA0E819776E0100E9A757 /* CoreGraphics.framework */ = {isa = PBXFileReference; lastKnownFileType = wrapper.framework; name = CoreGraphics.framework; path = System/Library/Frameworks/CoreGraphics.framework; sourceTree = SDKROOT; };
		A25CA0EA19776E0100E9A757 /* UIKit.framework */ = {isa = PBXFileReference; lastKnownFileType = wrapper.framework; name = UIKit.framework; path = System/Library/Frameworks/UIKit.framework; sourceTree = SDKROOT; };
		A25CA0EE19776E0100E9A757 /* MedianApp-Info.plist */ = {isa = PBXFileReference; lastKnownFileType = text.plist.xml; path = "MedianApp-Info.plist"; sourceTree = "<group>"; };
		A25CA0F019776E0100E9A757 /* en */ = {isa = PBXFileReference; lastKnownFileType = text.plist.strings; name = en; path = en.lproj/InfoPlist.strings; sourceTree = "<group>"; };
		A25CA0F219776E0100E9A757 /* main.m */ = {isa = PBXFileReference; lastKnownFileType = sourcecode.c.objc; path = main.m; sourceTree = "<group>"; };
		A25CA0F419776E0100E9A757 /* MedianApp-Prefix.pch */ = {isa = PBXFileReference; lastKnownFileType = sourcecode.c.h; path = "MedianApp-Prefix.pch"; sourceTree = "<group>"; };
		A25CA0F519776E0100E9A757 /* AMMAppDelegate.h */ = {isa = PBXFileReference; lastKnownFileType = sourcecode.c.h; path = AMMAppDelegate.h; sourceTree = "<group>"; };
		A25CA0F619776E0100E9A757 /* AMMAppDelegate.m */ = {isa = PBXFileReference; lastKnownFileType = sourcecode.c.objc; path = AMMAppDelegate.m; sourceTree = "<group>"; };
		A25CA0F819776E0100E9A757 /* Images.xcassets */ = {isa = PBXFileReference; lastKnownFileType = folder.assetcatalog; path = Images.xcassets; sourceTree = "<group>"; };
		A25CA0FE19776E0100E9A757 /* MedianAppTests.xctest */ = {isa = PBXFileReference; explicitFileType = wrapper.cfbundle; includeInIndex = 0; path = MedianAppTests.xctest; sourceTree = BUILT_PRODUCTS_DIR; };
		A25CA0FF19776E0100E9A757 /* XCTest.framework */ = {isa = PBXFileReference; lastKnownFileType = wrapper.framework; name = XCTest.framework; path = Library/Frameworks/XCTest.framework; sourceTree = DEVELOPER_DIR; };
		A25CA10719776E0100E9A757 /* MedianAppTests-Info.plist */ = {isa = PBXFileReference; lastKnownFileType = text.plist.xml; path = "MedianAppTests-Info.plist"; sourceTree = "<group>"; };
		A25CA10919776E0100E9A757 /* en */ = {isa = PBXFileReference; lastKnownFileType = text.plist.strings; name = en; path = en.lproj/InfoPlist.strings; sourceTree = "<group>"; };
		A25CA10B19776E0100E9A757 /* MedianAppTests.m */ = {isa = PBXFileReference; lastKnownFileType = sourcecode.c.objc; path = MedianAppTests.m; sourceTree = "<group>"; };
		A25CA11B19776E5900E9A757 /* AMMSchoolClassCell.h */ = {isa = PBXFileReference; fileEncoding = 4; lastKnownFileType = sourcecode.c.h; path = AMMSchoolClassCell.h; sourceTree = "<group>"; };
		A25CA11C19776E5900E9A757 /* AMMSchoolClassCell.m */ = {isa = PBXFileReference; fileEncoding = 4; lastKnownFileType = sourcecode.c.objc; path = AMMSchoolClassCell.m; sourceTree = "<group>"; };
		A25CA11D19776E5900E9A757 /* AMMSchoolClassCell.xib */ = {isa = PBXFileReference; fileEncoding = 4; lastKnownFileType = file.xib; path = AMMSchoolClassCell.xib; sourceTree = "<group>"; };
		A25CA12019776E8A00E9A757 /* AMMClassCircle.h */ = {isa = PBXFileReference; fileEncoding = 4; lastKnownFileType = sourcecode.c.h; path = AMMClassCircle.h; sourceTree = "<group>"; };
		A25CA12119776E8A00E9A757 /* AMMClassCircle.m */ = {isa = PBXFileReference; fileEncoding = 4; lastKnownFileType = sourcecode.c.objc; path = AMMClassCircle.m; sourceTree = "<group>"; };
		A25CA12C19776F9D00E9A757 /* AMMSemesterTVC.h */ = {isa = PBXFileReference; fileEncoding = 4; lastKnownFileType = sourcecode.c.h; path = AMMSemesterTVC.h; sourceTree = "<group>"; };
		A25CA12D19776F9D00E9A757 /* AMMSemesterTVC.m */ = {isa = PBXFileReference; fileEncoding = 4; lastKnownFileType = sourcecode.c.objc; path = AMMSemesterTVC.m; sourceTree = "<group>"; xcLanguageSpecificationIdentifier = xcode.lang.objc; };
		A2778EBB19B1309A00E0FC8F /* AMMCategoryCell.h */ = {isa = PBXFileReference; fileEncoding = 4; lastKnownFileType = sourcecode.c.h; path = AMMCategoryCell.h; sourceTree = "<group>"; };
		A2778EBC19B1309A00E0FC8F /* AMMCategoryCell.m */ = {isa = PBXFileReference; fileEncoding = 4; lastKnownFileType = sourcecode.c.objc; path = AMMCategoryCell.m; sourceTree = "<group>"; };
		A2778EBD19B1309A00E0FC8F /* AMMCategoryCell.xib */ = {isa = PBXFileReference; fileEncoding = 4; lastKnownFileType = file.xib; path = AMMCategoryCell.xib; sourceTree = "<group>"; };
		A2778EC019B130B900E0FC8F /* AMMClassStore.h */ = {isa = PBXFileReference; fileEncoding = 4; lastKnownFileType = sourcecode.c.h; path = AMMClassStore.h; sourceTree = "<group>"; };
		A2778EC119B130B900E0FC8F /* AMMClassStore.m */ = {isa = PBXFileReference; fileEncoding = 4; lastKnownFileType = sourcecode.c.objc; path = AMMClassStore.m; sourceTree = "<group>"; };
		A2778EC219B130B900E0FC8F /* Assignment.h */ = {isa = PBXFileReference; fileEncoding = 4; lastKnownFileType = sourcecode.c.h; path = Assignment.h; sourceTree = "<group>"; };
		A2778EC319B130B900E0FC8F /* Assignment.m */ = {isa = PBXFileReference; fileEncoding = 4; lastKnownFileType = sourcecode.c.objc; path = Assignment.m; sourceTree = "<group>"; };
		A2778EC419B130B900E0FC8F /* AssignmentCategory.h */ = {isa = PBXFileReference; fileEncoding = 4; lastKnownFileType = sourcecode.c.h; path = AssignmentCategory.h; sourceTree = "<group>"; };
		A2778EC519B130B900E0FC8F /* AssignmentCategory.m */ = {isa = PBXFileReference; fileEncoding = 4; lastKnownFileType = sourcecode.c.objc; path = AssignmentCategory.m; sourceTree = "<group>"; };
		A2778EC619B130B900E0FC8F /* SchoolClass.h */ = {isa = PBXFileReference; fileEncoding = 4; lastKnownFileType = sourcecode.c.h; path = SchoolClass.h; sourceTree = "<group>"; };
		A2778EC719B130B900E0FC8F /* SchoolClass.m */ = {isa = PBXFileReference; fileEncoding = 4; lastKnownFileType = sourcecode.c.objc; path = SchoolClass.m; sourceTree = "<group>"; };
		A2778ECC19B130DC00E0FC8F /* AMMNewAssignment.xib */ = {isa = PBXFileReference; fileEncoding = 4; lastKnownFileType = file.xib; path = AMMNewAssignment.xib; sourceTree = "<group>"; };
		A2778ECD19B130DC00E0FC8F /* AMMNewClass.h */ = {isa = PBXFileReference; fileEncoding = 4; lastKnownFileType = sourcecode.c.h; path = AMMNewClass.h; sourceTree = "<group>"; };
		A2778ECE19B130DC00E0FC8F /* AMMNewClass.m */ = {isa = PBXFileReference; fileEncoding = 4; lastKnownFileType = sourcecode.c.objc; path = AMMNewClass.m; sourceTree = "<group>"; };
		A2778ECF19B130DC00E0FC8F /* AMMNewClass.xib */ = {isa = PBXFileReference; fileEncoding = 4; lastKnownFileType = file.xib; path = AMMNewClass.xib; sourceTree = "<group>"; };
		A2CD54A619B12EBE00790E3F /* AMMNewAssignment.h */ = {isa = PBXFileReference; fileEncoding = 4; lastKnownFileType = sourcecode.c.h; path = AMMNewAssignment.h; sourceTree = "<group>"; };
		A2CD54A719B12EBE00790E3F /* AMMNewAssignment.m */ = {isa = PBXFileReference; fileEncoding = 4; lastKnownFileType = sourcecode.c.objc; path = AMMNewAssignment.m; sourceTree = "<group>"; };
		A2CD54A919B12F3B00790E3F /* AMMGradeBar.h */ = {isa = PBXFileReference; fileEncoding = 4; lastKnownFileType = sourcecode.c.h; path = AMMGradeBar.h; sourceTree = "<group>"; };
		A2CD54AA19B12F3B00790E3F /* AMMGradeBar.m */ = {isa = PBXFileReference; fileEncoding = 4; lastKnownFileType = sourcecode.c.objc; path = AMMGradeBar.m; sourceTree = "<group>"; };
		A2CD54AC19B12F9000790E3F /* SlantyDashedView.h */ = {isa = PBXFileReference; fileEncoding = 4; lastKnownFileType = sourcecode.c.h; name = SlantyDashedView.h; path = "../../../Downloads/SlantyDashedView-master/SlantyDashedView/SlantyDashedView.h"; sourceTree = "<group>"; };
		A2CD54AD19B12F9000790E3F /* SlantyDashedView.m */ = {isa = PBXFileReference; fileEncoding = 4; lastKnownFileType = sourcecode.c.objc; name = SlantyDashedView.m; path = "../../../Downloads/SlantyDashedView-master/SlantyDashedView/SlantyDashedView.m"; sourceTree = "<group>"; };
		A2CD54AF19B12FF000790E3F /* Lato-Black.ttf */ = {isa = PBXFileReference; lastKnownFileType = file; name = "Lato-Black.ttf"; path = "../../../Downloads/lato/Lato-Black.ttf"; sourceTree = "<group>"; };
		A2CD54B019B12FF000790E3F /* Lato-BlackItalic.ttf */ = {isa = PBXFileReference; lastKnownFileType = file; name = "Lato-BlackItalic.ttf"; path = "../../../Downloads/lato/Lato-BlackItalic.ttf"; sourceTree = "<group>"; };
		A2CD54B119B12FF000790E3F /* Lato-Bold.ttf */ = {isa = PBXFileReference; lastKnownFileType = file; name = "Lato-Bold.ttf"; path = "../../../Downloads/lato/Lato-Bold.ttf"; sourceTree = "<group>"; };
		A2CD54B219B12FF000790E3F /* Lato-BoldItalic.ttf */ = {isa = PBXFileReference; lastKnownFileType = file; name = "Lato-BoldItalic.ttf"; path = "../../../Downloads/lato/Lato-BoldItalic.ttf"; sourceTree = "<group>"; };
		A2CD54B319B12FF000790E3F /* Lato-Hairline.ttf */ = {isa = PBXFileReference; lastKnownFileType = file; name = "Lato-Hairline.ttf"; path = "../../../Downloads/lato/Lato-Hairline.ttf"; sourceTree = "<group>"; };
		A2CD54B419B12FF000790E3F /* Lato-HairlineItalic.ttf */ = {isa = PBXFileReference; lastKnownFileType = file; name = "Lato-HairlineItalic.ttf"; path = "../../../Downloads/lato/Lato-HairlineItalic.ttf"; sourceTree = "<group>"; };
		A2CD54B519B12FF000790E3F /* Lato-Heavy.ttf */ = {isa = PBXFileReference; lastKnownFileType = file; name = "Lato-Heavy.ttf"; path = "../../../Downloads/lato/Lato-Heavy.ttf"; sourceTree = "<group>"; };
		A2CD54B619B12FF000790E3F /* Lato-HeavyItalic.ttf */ = {isa = PBXFileReference; lastKnownFileType = file; name = "Lato-HeavyItalic.ttf"; path = "../../../Downloads/lato/Lato-HeavyItalic.ttf"; sourceTree = "<group>"; };
		A2CD54B719B12FF000790E3F /* Lato-Italic.ttf */ = {isa = PBXFileReference; lastKnownFileType = file; name = "Lato-Italic.ttf"; path = "../../../Downloads/lato/Lato-Italic.ttf"; sourceTree = "<group>"; };
		A2CD54B819B12FF000790E3F /* Lato-Light.ttf */ = {isa = PBXFileReference; lastKnownFileType = file; name = "Lato-Light.ttf"; path = "../../../Downloads/lato/Lato-Light.ttf"; sourceTree = "<group>"; };
		A2CD54B919B12FF000790E3F /* Lato-LightItalic.ttf */ = {isa = PBXFileReference; lastKnownFileType = file; name = "Lato-LightItalic.ttf"; path = "../../../Downloads/lato/Lato-LightItalic.ttf"; sourceTree = "<group>"; };
		A2CD54BA19B12FF000790E3F /* Lato-Medium.ttf */ = {isa = PBXFileReference; lastKnownFileType = file; name = "Lato-Medium.ttf"; path = "../../../Downloads/lato/Lato-Medium.ttf"; sourceTree = "<group>"; };
		A2CD54BB19B12FF000790E3F /* Lato-MediumItalic.ttf */ = {isa = PBXFileReference; lastKnownFileType = file; name = "Lato-MediumItalic.ttf"; path = "../../../Downloads/lato/Lato-MediumItalic.ttf"; sourceTree = "<group>"; };
		A2CD54BC19B12FF000790E3F /* Lato-Regular.ttf */ = {isa = PBXFileReference; lastKnownFileType = file; name = "Lato-Regular.ttf"; path = "../../../Downloads/lato/Lato-Regular.ttf"; sourceTree = "<group>"; };
		A2CD54BD19B12FF000790E3F /* Lato-Semibold.ttf */ = {isa = PBXFileReference; lastKnownFileType = file; name = "Lato-Semibold.ttf"; path = "../../../Downloads/lato/Lato-Semibold.ttf"; sourceTree = "<group>"; };
		A2CD54BE19B12FF000790E3F /* Lato-SemiboldItalic.ttf */ = {isa = PBXFileReference; lastKnownFileType = file; name = "Lato-SemiboldItalic.ttf"; path = "../../../Downloads/lato/Lato-SemiboldItalic.ttf"; sourceTree = "<group>"; };
		A2CD54BF19B12FF000790E3F /* Lato-Thin.ttf */ = {isa = PBXFileReference; lastKnownFileType = file; name = "Lato-Thin.ttf"; path = "../../../Downloads/lato/Lato-Thin.ttf"; sourceTree = "<group>"; };
		A2CD54C019B12FF000790E3F /* Lato-ThinItalic.ttf */ = {isa = PBXFileReference; lastKnownFileType = file; name = "Lato-ThinItalic.ttf"; path = "../../../Downloads/lato/Lato-ThinItalic.ttf"; sourceTree = "<group>"; };
		A2D4E91019CAAE7F00387B6F /* AMMClassGradeLabels.h */ = {isa = PBXFileReference; fileEncoding = 4; lastKnownFileType = sourcecode.c.h; path = AMMClassGradeLabels.h; sourceTree = "<group>"; };
		A2D4E91119CAAE7F00387B6F /* AMMClassGradeLabels.m */ = {isa = PBXFileReference; fileEncoding = 4; lastKnownFileType = sourcecode.c.objc; path = AMMClassGradeLabels.m; sourceTree = "<group>"; };
		A2F92520197791E60082D38C /* AMMClassVC.xib */ = {isa = PBXFileReference; fileEncoding = 4; lastKnownFileType = file.xib; path = AMMClassVC.xib; sourceTree = "<group>"; };
/* End PBXFileReference section */

/* Begin PBXFrameworksBuildPhase section */
		A25CA0E019776E0100E9A757 /* Frameworks */ = {
			isa = PBXFrameworksBuildPhase;
			buildActionMask = 2147483647;
			files = (
				A25CA0E919776E0100E9A757 /* CoreGraphics.framework in Frameworks */,
				A25CA0EB19776E0100E9A757 /* UIKit.framework in Frameworks */,
				A25CA0E719776E0100E9A757 /* Foundation.framework in Frameworks */,
			);
			runOnlyForDeploymentPostprocessing = 0;
		};
		A25CA0FB19776E0100E9A757 /* Frameworks */ = {
			isa = PBXFrameworksBuildPhase;
			buildActionMask = 2147483647;
			files = (
				A25CA10019776E0100E9A757 /* XCTest.framework in Frameworks */,
				A25CA10219776E0100E9A757 /* UIKit.framework in Frameworks */,
				A25CA10119776E0100E9A757 /* Foundation.framework in Frameworks */,
			);
			runOnlyForDeploymentPostprocessing = 0;
		};
/* End PBXFrameworksBuildPhase section */

/* Begin PBXGroup section */
		A22A1811197781C000A45540 /* Resources */ = {
			isa = PBXGroup;
			children = (
				A2CD54AF19B12FF000790E3F /* Lato-Black.ttf */,
				A2CD54B019B12FF000790E3F /* Lato-BlackItalic.ttf */,
				A2CD54B119B12FF000790E3F /* Lato-Bold.ttf */,
				A2CD54B219B12FF000790E3F /* Lato-BoldItalic.ttf */,
				A2CD54B319B12FF000790E3F /* Lato-Hairline.ttf */,
				A2CD54B419B12FF000790E3F /* Lato-HairlineItalic.ttf */,
				A2CD54B519B12FF000790E3F /* Lato-Heavy.ttf */,
				A2CD54B619B12FF000790E3F /* Lato-HeavyItalic.ttf */,
				A2CD54B719B12FF000790E3F /* Lato-Italic.ttf */,
				A2CD54B819B12FF000790E3F /* Lato-Light.ttf */,
				A2CD54B919B12FF000790E3F /* Lato-LightItalic.ttf */,
				A2CD54BA19B12FF000790E3F /* Lato-Medium.ttf */,
				A2CD54BB19B12FF000790E3F /* Lato-MediumItalic.ttf */,
				A2CD54BC19B12FF000790E3F /* Lato-Regular.ttf */,
				A2CD54BD19B12FF000790E3F /* Lato-Semibold.ttf */,
				A2CD54BE19B12FF000790E3F /* Lato-SemiboldItalic.ttf */,
				A2CD54BF19B12FF000790E3F /* Lato-Thin.ttf */,
				A2CD54C019B12FF000790E3F /* Lato-ThinItalic.ttf */,
			);
			name = Resources;
			sourceTree = "<group>";
		};
		A25CA0DA19776E0100E9A757 = {
			isa = PBXGroup;
			children = (
				A25CA0EC19776E0100E9A757 /* MedianApp */,
				A25CA10519776E0100E9A757 /* MedianAppTests */,
				A25CA0E519776E0100E9A757 /* Frameworks */,
				A25CA0E419776E0100E9A757 /* Products */,
			);
			sourceTree = "<group>";
		};
		A25CA0E419776E0100E9A757 /* Products */ = {
			isa = PBXGroup;
			children = (
				A25CA0E319776E0100E9A757 /* MedianApp.app */,
				A25CA0FE19776E0100E9A757 /* MedianAppTests.xctest */,
			);
			name = Products;
			sourceTree = "<group>";
		};
		A25CA0E519776E0100E9A757 /* Frameworks */ = {
			isa = PBXGroup;
			children = (
				A25CA0E619776E0100E9A757 /* Foundation.framework */,
				A25CA0E819776E0100E9A757 /* CoreGraphics.framework */,
				A25CA0EA19776E0100E9A757 /* UIKit.framework */,
				A25CA0FF19776E0100E9A757 /* XCTest.framework */,
			);
			name = Frameworks;
			sourceTree = "<group>";
		};
		A25CA0EC19776E0100E9A757 /* MedianApp */ = {
			isa = PBXGroup;
			children = (
				A25CA0F519776E0100E9A757 /* AMMAppDelegate.h */,
				A25CA0F619776E0100E9A757 /* AMMAppDelegate.m */,
				A22A1811197781C000A45540 /* Resources */,
				A25CA12A19776EA900E9A757 /* Models */,
				A25CA12919776EA300E9A757 /* Views */,
				A25CA12B19776EB300E9A757 /* Controllers */,
				A25CA0F819776E0100E9A757 /* Images.xcassets */,
				A25CA0ED19776E0100E9A757 /* Supporting Files */,
			);
			path = MedianApp;
			sourceTree = "<group>";
		};
		A25CA0ED19776E0100E9A757 /* Supporting Files */ = {
			isa = PBXGroup;
			children = (
				A25CA0EE19776E0100E9A757 /* MedianApp-Info.plist */,
				A25CA0EF19776E0100E9A757 /* InfoPlist.strings */,
				A25CA0F219776E0100E9A757 /* main.m */,
				A25CA0F419776E0100E9A757 /* MedianApp-Prefix.pch */,
			);
			name = "Supporting Files";
			sourceTree = "<group>";
		};
		A25CA10519776E0100E9A757 /* MedianAppTests */ = {
			isa = PBXGroup;
			children = (
				A25CA10B19776E0100E9A757 /* MedianAppTests.m */,
				A25CA10619776E0100E9A757 /* Supporting Files */,
			);
			path = MedianAppTests;
			sourceTree = "<group>";
		};
		A25CA10619776E0100E9A757 /* Supporting Files */ = {
			isa = PBXGroup;
			children = (
				A25CA10719776E0100E9A757 /* MedianAppTests-Info.plist */,
				A25CA10819776E0100E9A757 /* InfoPlist.strings */,
			);
			name = "Supporting Files";
			sourceTree = "<group>";
		};
		A25CA12919776EA300E9A757 /* Views */ = {
			isa = PBXGroup;
			children = (
				A25CA11B19776E5900E9A757 /* AMMSchoolClassCell.h */,
				A25CA11C19776E5900E9A757 /* AMMSchoolClassCell.m */,
				A25CA11D19776E5900E9A757 /* AMMSchoolClassCell.xib */,
				A25CA12019776E8A00E9A757 /* AMMClassCircle.h */,
				A25CA12119776E8A00E9A757 /* AMMClassCircle.m */,
				A2778ECF19B130DC00E0FC8F /* AMMNewClass.xib */,
				A2F92520197791E60082D38C /* AMMClassVC.xib */,
				A2443B3A197B06E700384034 /* AMMSeasonTitle.xib */,
				A231D541197A06F9006FD823 /* AMMSemesterHeader.xib */,
				A2778EBB19B1309A00E0FC8F /* AMMCategoryCell.h */,
				A2778EBC19B1309A00E0FC8F /* AMMCategoryCell.m */,
				A2778EBD19B1309A00E0FC8F /* AMMCategoryCell.xib */,
				A2CD54A919B12F3B00790E3F /* AMMGradeBar.h */,
				A2CD54AA19B12F3B00790E3F /* AMMGradeBar.m */,
				A2CD54AC19B12F9000790E3F /* SlantyDashedView.h */,
				A2CD54AD19B12F9000790E3F /* SlantyDashedView.m */,
				A2274519197EFF4900BB76C4 /* AMMSchoolClassVC.xib */,
				A25033BA19DA8ADD00CCA02C /* AMMTriangleView.h */,
				A25033BB19DA8ADD00CCA02C /* AMMTriangleView.m */,
				A2D4E91019CAAE7F00387B6F /* AMMClassGradeLabels.h */,
				A2D4E91119CAAE7F00387B6F /* AMMClassGradeLabels.m */,
				A2374C3A19819A1500D0FCCC /* AMMNewAssignmentCat.xib */,
				A20E753E19843CD6008BE1D8 /* AMMAssignCatHeader.xib */,
				A2778ECC19B130DC00E0FC8F /* AMMNewAssignment.xib */,
			);
			name = Views;
			sourceTree = "<group>";
		};
		A25CA12A19776EA900E9A757 /* Models */ = {
			isa = PBXGroup;
			children = (
				A2778EC019B130B900E0FC8F /* AMMClassStore.h */,
				A2778EC119B130B900E0FC8F /* AMMClassStore.m */,
				A2778EC219B130B900E0FC8F /* Assignment.h */,
				A2778EC319B130B900E0FC8F /* Assignment.m */,
				A2778EC419B130B900E0FC8F /* AssignmentCategory.h */,
				A2778EC519B130B900E0FC8F /* AssignmentCategory.m */,
				A2778EC619B130B900E0FC8F /* SchoolClass.h */,
				A2778EC719B130B900E0FC8F /* SchoolClass.m */,
				A231D543197A118E006FD823 /* UtilityMethods.h */,
				A231D544197A118E006FD823 /* UtilityMethods.m */,
			);
			name = Models;
			sourceTree = "<group>";
		};
		A25CA12B19776EB300E9A757 /* Controllers */ = {
			isa = PBXGroup;
			children = (
				A25CA12C19776F9D00E9A757 /* AMMSemesterTVC.h */,
				A25CA12D19776F9D00E9A757 /* AMMSemesterTVC.m */,
				A2778ECD19B130DC00E0FC8F /* AMMNewClass.h */,
				A2778ECE19B130DC00E0FC8F /* AMMNewClass.m */,
				A2274514197EFE7D00BB76C4 /* AMMClassPageController.h */,
				A2274515197EFE7D00BB76C4 /* AMMClassPageController.m */,
				A2274517197EFF4900BB76C4 /* AMMSchoolClassVC.h */,
				A2274518197EFF4900BB76C4 /* AMMSchoolClassVC.m */,
				A2374C3819819A1500D0FCCC /* AMMNewAssignmentCat.h */,
				A2374C3919819A1500D0FCCC /* AMMNewAssignmentCat.m */,
				A20E753B19843A82008BE1D8 /* AMMAssignCatTVC.h */,
				A20E753C19843A82008BE1D8 /* AMMAssignCatTVC.m */,
				A2CD54A619B12EBE00790E3F /* AMMNewAssignment.h */,
				A2CD54A719B12EBE00790E3F /* AMMNewAssignment.m */,
			);
			name = Controllers;
			sourceTree = "<group>";
		};
/* End PBXGroup section */

/* Begin PBXNativeTarget section */
		A25CA0E219776E0100E9A757 /* MedianApp */ = {
			isa = PBXNativeTarget;
			buildConfigurationList = A25CA10F19776E0100E9A757 /* Build configuration list for PBXNativeTarget "MedianApp" */;
			buildPhases = (
				A25CA0DF19776E0100E9A757 /* Sources */,
				A25CA0E019776E0100E9A757 /* Frameworks */,
				A25CA0E119776E0100E9A757 /* Resources */,
			);
			buildRules = (
			);
			dependencies = (
			);
			name = MedianApp;
			productName = MedianApp;
			productReference = A25CA0E319776E0100E9A757 /* MedianApp.app */;
			productType = "com.apple.product-type.application";
		};
		A25CA0FD19776E0100E9A757 /* MedianAppTests */ = {
			isa = PBXNativeTarget;
			buildConfigurationList = A25CA11219776E0100E9A757 /* Build configuration list for PBXNativeTarget "MedianAppTests" */;
			buildPhases = (
				A25CA0FA19776E0100E9A757 /* Sources */,
				A25CA0FB19776E0100E9A757 /* Frameworks */,
				A25CA0FC19776E0100E9A757 /* Resources */,
			);
			buildRules = (
			);
			dependencies = (
				A25CA10419776E0100E9A757 /* PBXTargetDependency */,
			);
			name = MedianAppTests;
			productName = MedianAppTests;
			productReference = A25CA0FE19776E0100E9A757 /* MedianAppTests.xctest */;
			productType = "com.apple.product-type.bundle.unit-test";
		};
/* End PBXNativeTarget section */

/* Begin PBXProject section */
		A25CA0DB19776E0100E9A757 /* Project object */ = {
			isa = PBXProject;
			attributes = {
				CLASSPREFIX = AMM;
				LastUpgradeCheck = 0510;
				ORGANIZATIONNAME = "Amaceing Studios";
				TargetAttributes = {
					A25CA0E219776E0100E9A757 = {
						DevelopmentTeam = FBF4TQ644W;
					};
					A25CA0FD19776E0100E9A757 = {
						TestTargetID = A25CA0E219776E0100E9A757;
					};
				};
			};
			buildConfigurationList = A25CA0DE19776E0100E9A757 /* Build configuration list for PBXProject "MedianApp" */;
			compatibilityVersion = "Xcode 3.2";
			developmentRegion = English;
			hasScannedForEncodings = 0;
			knownRegions = (
				en,
			);
			mainGroup = A25CA0DA19776E0100E9A757;
			productRefGroup = A25CA0E419776E0100E9A757 /* Products */;
			projectDirPath = "";
			projectRoot = "";
			targets = (
				A25CA0E219776E0100E9A757 /* MedianApp */,
				A25CA0FD19776E0100E9A757 /* MedianAppTests */,
			);
		};
/* End PBXProject section */

/* Begin PBXResourcesBuildPhase section */
		A25CA0E119776E0100E9A757 /* Resources */ = {
			isa = PBXResourcesBuildPhase;
			buildActionMask = 2147483647;
			files = (
				A2CD54C719B12FF000790E3F /* Lato-Heavy.ttf in Resources */,
				A227451B197EFF4900BB76C4 /* AMMSchoolClassVC.xib in Resources */,
				A2CD54CA19B12FF000790E3F /* Lato-Light.ttf in Resources */,
				A25CA11F19776E5900E9A757 /* AMMSchoolClassCell.xib in Resources */,
				A2778ED019B130DC00E0FC8F /* AMMNewAssignment.xib in Resources */,
				A2CD54CC19B12FF000790E3F /* Lato-Medium.ttf in Resources */,
				A2CD54C819B12FF000790E3F /* Lato-HeavyItalic.ttf in Resources */,
				A2CD54C119B12FF000790E3F /* Lato-Black.ttf in Resources */,
				A2778EBF19B1309A00E0FC8F /* AMMCategoryCell.xib in Resources */,
				A2CD54CE19B12FF000790E3F /* Lato-Regular.ttf in Resources */,
				A2CD54CD19B12FF000790E3F /* Lato-MediumItalic.ttf in Resources */,
				A2CD54D019B12FF000790E3F /* Lato-SemiboldItalic.ttf in Resources */,
				A2CD54C319B12FF000790E3F /* Lato-Bold.ttf in Resources */,
				A2CD54D219B12FF000790E3F /* Lato-ThinItalic.ttf in Resources */,
				A25CA0F119776E0100E9A757 /* InfoPlist.strings in Resources */,
				A2CD54D119B12FF000790E3F /* Lato-Thin.ttf in Resources */,
				A231D542197A06F9006FD823 /* AMMSemesterHeader.xib in Resources */,
				A2CD54C419B12FF000790E3F /* Lato-BoldItalic.ttf in Resources */,
				A2CD54C219B12FF000790E3F /* Lato-BlackItalic.ttf in Resources */,
				A20E753F19843CD6008BE1D8 /* AMMAssignCatHeader.xib in Resources */,
				A2443B3B197B06E700384034 /* AMMSeasonTitle.xib in Resources */,
				A2F92522197791E60082D38C /* AMMClassVC.xib in Resources */,
				A2CD54C519B12FF000790E3F /* Lato-Hairline.ttf in Resources */,
				A2CD54C619B12FF000790E3F /* Lato-HairlineItalic.ttf in Resources */,
				A2CD54CB19B12FF000790E3F /* Lato-LightItalic.ttf in Resources */,
				A2778ED219B130DC00E0FC8F /* AMMNewClass.xib in Resources */,
				A25CA0F919776E0100E9A757 /* Images.xcassets in Resources */,
				A2374C3C19819A1500D0FCCC /* AMMNewAssignmentCat.xib in Resources */,
				A2CD54C919B12FF000790E3F /* Lato-Italic.ttf in Resources */,
				A2CD54CF19B12FF000790E3F /* Lato-Semibold.ttf in Resources */,
			);
			runOnlyForDeploymentPostprocessing = 0;
		};
		A25CA0FC19776E0100E9A757 /* Resources */ = {
			isa = PBXResourcesBuildPhase;
			buildActionMask = 2147483647;
			files = (
				A25CA10A19776E0100E9A757 /* InfoPlist.strings in Resources */,
			);
			runOnlyForDeploymentPostprocessing = 0;
		};
/* End PBXResourcesBuildPhase section */

/* Begin PBXSourcesBuildPhase section */
		A25CA0DF19776E0100E9A757 /* Sources */ = {
			isa = PBXSourcesBuildPhase;
			buildActionMask = 2147483647;
			files = (
				A2274516197EFE7D00BB76C4 /* AMMClassPageController.m in Sources */,
				A25CA0F719776E0100E9A757 /* AMMAppDelegate.m in Sources */,
				A25CA11E19776E5900E9A757 /* AMMSchoolClassCell.m in Sources */,
				A2D4E91219CAAE7F00387B6F /* AMMClassGradeLabels.m in Sources */,
				A2374C3B19819A1500D0FCCC /* AMMNewAssignmentCat.m in Sources */,
				A2778EC919B130B900E0FC8F /* Assignment.m in Sources */,
				A25CA12619776E8A00E9A757 /* AMMClassCircle.m in Sources */,
				A25CA12E19776F9D00E9A757 /* AMMSemesterTVC.m in Sources */,
				A2778ECA19B130B900E0FC8F /* AssignmentCategory.m in Sources */,
				A2778EBE19B1309A00E0FC8F /* AMMCategoryCell.m in Sources */,
				A20E753D19843A82008BE1D8 /* AMMAssignCatTVC.m in Sources */,
				A2CD54AE19B12F9000790E3F /* SlantyDashedView.m in Sources */,
				A25CA0F319776E0100E9A757 /* main.m in Sources */,
				A2CD54AB19B12F3B00790E3F /* AMMGradeBar.m in Sources */,
				A25033BC19DA8ADD00CCA02C /* AMMTriangleView.m in Sources */,
				A231D545197A118E006FD823 /* UtilityMethods.m in Sources */,
				A2778ED119B130DC00E0FC8F /* AMMNewClass.m in Sources */,
				A2778EC819B130B900E0FC8F /* AMMClassStore.m in Sources */,
				A227451A197EFF4900BB76C4 /* AMMSchoolClassVC.m in Sources */,
				A2CD54A819B12EBE00790E3F /* AMMNewAssignment.m in Sources */,
				A2778ECB19B130B900E0FC8F /* SchoolClass.m in Sources */,
			);
			runOnlyForDeploymentPostprocessing = 0;
		};
		A25CA0FA19776E0100E9A757 /* Sources */ = {
			isa = PBXSourcesBuildPhase;
			buildActionMask = 2147483647;
			files = (
				A25CA10C19776E0100E9A757 /* MedianAppTests.m in Sources */,
			);
			runOnlyForDeploymentPostprocessing = 0;
		};
/* End PBXSourcesBuildPhase section */

/* Begin PBXTargetDependency section */
		A25CA10419776E0100E9A757 /* PBXTargetDependency */ = {
			isa = PBXTargetDependency;
			target = A25CA0E219776E0100E9A757 /* MedianApp */;
			targetProxy = A25CA10319776E0100E9A757 /* PBXContainerItemProxy */;
		};
/* End PBXTargetDependency section */

/* Begin PBXVariantGroup section */
		A25CA0EF19776E0100E9A757 /* InfoPlist.strings */ = {
			isa = PBXVariantGroup;
			children = (
				A25CA0F019776E0100E9A757 /* en */,
			);
			name = InfoPlist.strings;
			sourceTree = "<group>";
		};
		A25CA10819776E0100E9A757 /* InfoPlist.strings */ = {
			isa = PBXVariantGroup;
			children = (
				A25CA10919776E0100E9A757 /* en */,
			);
			name = InfoPlist.strings;
			sourceTree = "<group>";
		};
/* End PBXVariantGroup section */

/* Begin XCBuildConfiguration section */
		A25CA10D19776E0100E9A757 /* Debug */ = {
			isa = XCBuildConfiguration;
			buildSettings = {
				ALWAYS_SEARCH_USER_PATHS = NO;
				CLANG_CXX_LANGUAGE_STANDARD = "gnu++0x";
				CLANG_CXX_LIBRARY = "libc++";
				CLANG_ENABLE_MODULES = YES;
				CLANG_ENABLE_OBJC_ARC = YES;
				CLANG_WARN_BOOL_CONVERSION = YES;
				CLANG_WARN_CONSTANT_CONVERSION = YES;
				CLANG_WARN_DIRECT_OBJC_ISA_USAGE = YES_ERROR;
				CLANG_WARN_EMPTY_BODY = YES;
				CLANG_WARN_ENUM_CONVERSION = YES;
				CLANG_WARN_INT_CONVERSION = YES;
				CLANG_WARN_OBJC_ROOT_CLASS = YES_ERROR;
				CLANG_WARN__DUPLICATE_METHOD_MATCH = YES;
				"CODE_SIGN_IDENTITY[sdk=iphoneos*]" = "iPhone Developer";
				COPY_PHASE_STRIP = NO;
				GCC_C_LANGUAGE_STANDARD = gnu99;
				GCC_DYNAMIC_NO_PIC = NO;
				GCC_OPTIMIZATION_LEVEL = 0;
				GCC_PREPROCESSOR_DEFINITIONS = (
					"DEBUG=1",
					"$(inherited)",
				);
				GCC_SYMBOLS_PRIVATE_EXTERN = NO;
				GCC_WARN_64_TO_32_BIT_CONVERSION = YES;
				GCC_WARN_ABOUT_RETURN_TYPE = YES_ERROR;
				GCC_WARN_UNDECLARED_SELECTOR = YES;
				GCC_WARN_UNINITIALIZED_AUTOS = YES_AGGRESSIVE;
				GCC_WARN_UNUSED_FUNCTION = YES;
				GCC_WARN_UNUSED_VARIABLE = YES;
				IPHONEOS_DEPLOYMENT_TARGET = 7.1;
				ONLY_ACTIVE_ARCH = YES;
				SDKROOT = iphoneos;
			};
			name = Debug;
		};
		A25CA10E19776E0100E9A757 /* Release */ = {
			isa = XCBuildConfiguration;
			buildSettings = {
				ALWAYS_SEARCH_USER_PATHS = NO;
				CLANG_CXX_LANGUAGE_STANDARD = "gnu++0x";
				CLANG_CXX_LIBRARY = "libc++";
				CLANG_ENABLE_MODULES = YES;
				CLANG_ENABLE_OBJC_ARC = YES;
				CLANG_WARN_BOOL_CONVERSION = YES;
				CLANG_WARN_CONSTANT_CONVERSION = YES;
				CLANG_WARN_DIRECT_OBJC_ISA_USAGE = YES_ERROR;
				CLANG_WARN_EMPTY_BODY = YES;
				CLANG_WARN_ENUM_CONVERSION = YES;
				CLANG_WARN_INT_CONVERSION = YES;
				CLANG_WARN_OBJC_ROOT_CLASS = YES_ERROR;
				CLANG_WARN__DUPLICATE_METHOD_MATCH = YES;
				"CODE_SIGN_IDENTITY[sdk=iphoneos*]" = "iPhone Developer";
				COPY_PHASE_STRIP = YES;
				ENABLE_NS_ASSERTIONS = NO;
				GCC_C_LANGUAGE_STANDARD = gnu99;
				GCC_WARN_64_TO_32_BIT_CONVERSION = YES;
				GCC_WARN_ABOUT_RETURN_TYPE = YES_ERROR;
				GCC_WARN_UNDECLARED_SELECTOR = YES;
				GCC_WARN_UNINITIALIZED_AUTOS = YES_AGGRESSIVE;
				GCC_WARN_UNUSED_FUNCTION = YES;
				GCC_WARN_UNUSED_VARIABLE = YES;
				IPHONEOS_DEPLOYMENT_TARGET = 7.1;
				SDKROOT = iphoneos;
				VALIDATE_PRODUCT = YES;
			};
			name = Release;
		};
		A25CA11019776E0100E9A757 /* Debug */ = {
			isa = XCBuildConfiguration;
			buildSettings = {
				ASSETCATALOG_COMPILER_APPICON_NAME = AppIcon;
				ASSETCATALOG_COMPILER_LAUNCHIMAGE_NAME = LaunchImage;
				CODE_SIGN_IDENTITY = "iPhone Developer";
				"CODE_SIGN_IDENTITY[sdk=iphoneos*]" = "iPhone Developer";
				GCC_PRECOMPILE_PREFIX_HEADER = YES;
				GCC_PREFIX_HEADER = "MedianApp/MedianApp-Prefix.pch";
				INFOPLIST_FILE = "MedianApp/MedianApp-Info.plist";
				PRODUCT_NAME = "$(TARGET_NAME)";
				PROVISIONING_PROFILE = "";
				WRAPPER_EXTENSION = app;
			};
			name = Debug;
		};
		A25CA11119776E0100E9A757 /* Release */ = {
			isa = XCBuildConfiguration;
			buildSettings = {
				ASSETCATALOG_COMPILER_APPICON_NAME = AppIcon;
				ASSETCATALOG_COMPILER_LAUNCHIMAGE_NAME = LaunchImage;
				CODE_SIGN_IDENTITY = "iPhone Developer";
				"CODE_SIGN_IDENTITY[sdk=iphoneos*]" = "iPhone Developer";
				GCC_PRECOMPILE_PREFIX_HEADER = YES;
				GCC_PREFIX_HEADER = "MedianApp/MedianApp-Prefix.pch";
				INFOPLIST_FILE = "MedianApp/MedianApp-Info.plist";
				PRODUCT_NAME = "$(TARGET_NAME)";
				PROVISIONING_PROFILE = "";
				WRAPPER_EXTENSION = app;
			};
			name = Release;
		};
		A25CA11319776E0100E9A757 /* Debug */ = {
			isa = XCBuildConfiguration;
			buildSettings = {
				BUNDLE_LOADER = "$(BUILT_PRODUCTS_DIR)/MedianApp.app/MedianApp";
				FRAMEWORK_SEARCH_PATHS = (
					"$(SDKROOT)/Developer/Library/Frameworks",
					"$(inherited)",
					"$(DEVELOPER_FRAMEWORKS_DIR)",
				);
				GCC_PRECOMPILE_PREFIX_HEADER = YES;
				GCC_PREFIX_HEADER = "MedianApp/MedianApp-Prefix.pch";
				GCC_PREPROCESSOR_DEFINITIONS = (
					"DEBUG=1",
					"$(inherited)",
				);
				INFOPLIST_FILE = "MedianAppTests/MedianAppTests-Info.plist";
				PRODUCT_NAME = "$(TARGET_NAME)";
				TEST_HOST = "$(BUNDLE_LOADER)";
				WRAPPER_EXTENSION = xctest;
			};
			name = Debug;
		};
		A25CA11419776E0100E9A757 /* Release */ = {
			isa = XCBuildConfiguration;
			buildSettings = {
				BUNDLE_LOADER = "$(BUILT_PRODUCTS_DIR)/MedianApp.app/MedianApp";
				FRAMEWORK_SEARCH_PATHS = (
					"$(SDKROOT)/Developer/Library/Frameworks",
					"$(inherited)",
					"$(DEVELOPER_FRAMEWORKS_DIR)",
				);
				GCC_PRECOMPILE_PREFIX_HEADER = YES;
				GCC_PREFIX_HEADER = "MedianApp/MedianApp-Prefix.pch";
				INFOPLIST_FILE = "MedianAppTests/MedianAppTests-Info.plist";
				PRODUCT_NAME = "$(TARGET_NAME)";
				TEST_HOST = "$(BUNDLE_LOADER)";
				WRAPPER_EXTENSION = xctest;
			};
			name = Release;
		};
/* End XCBuildConfiguration section */

/* Begin XCConfigurationList section */
		A25CA0DE19776E0100E9A757 /* Build configuration list for PBXProject "MedianApp" */ = {
			isa = XCConfigurationList;
			buildConfigurations = (
				A25CA10D19776E0100E9A757 /* Debug */,
				A25CA10E19776E0100E9A757 /* Release */,
			);
			defaultConfigurationIsVisible = 0;
			defaultConfigurationName = Release;
		};
		A25CA10F19776E0100E9A757 /* Build configuration list for PBXNativeTarget "MedianApp" */ = {
			isa = XCConfigurationList;
			buildConfigurations = (
				A25CA11019776E0100E9A757 /* Debug */,
				A25CA11119776E0100E9A757 /* Release */,
			);
			defaultConfigurationIsVisible = 0;
			defaultConfigurationName = Release;
		};
		A25CA11219776E0100E9A757 /* Build configuration list for PBXNativeTarget "MedianAppTests" */ = {
			isa = XCConfigurationList;
			buildConfigurations = (
				A25CA11319776E0100E9A757 /* Debug */,
				A25CA11419776E0100E9A757 /* Release */,
			);
			defaultConfigurationIsVisible = 0;
			defaultConfigurationName = Release;
		};
/* End XCConfigurationList section */
	};
	rootObject = A25CA0DB19776E0100E9A757 /* Project object */;
}
