// !$*UTF8*$!
{
	archiveVersion = 1;
	classes = {
	};
	objectVersion = 46;
	objects = {

/* Begin PBXBuildFile section */
		A20E753D19843A82008BE1D8 /* AMMAssignCatTVC.m in Sources */ = {isa = PBXBuildFile; fileRef = A20E753C19843A82008BE1D8 /* AMMAssignCatTVC.m */; };
		A20E753F19843CD6008BE1D8 /* AMMAssignCatHeader.xib in Resources */ = {isa = PBXBuildFile; fileRef = A20E753E19843CD6008BE1D8 /* AMMAssignCatHeader.xib */; };
		A2274516197EFE7D00BB76C4 /* AMMClassPageController.m in Sources */ = {isa = PBXBuildFile; fileRef = A2274515197EFE7D00BB76C4 /* AMMClassPageController.m */; };
		A227451A197EFF4900BB76C4 /* AMMSchoolClassVC.m in Sources */ = {isa = PBXBuildFile; fileRef = A2274518197EFF4900BB76C4 /* AMMSchoolClassVC.m */; };
		A227451B197EFF4900BB76C4 /* AMMSchoolClassVC.xib in Resources */ = {isa = PBXBuildFile; fileRef = A2274519197EFF4900BB76C4 /* AMMSchoolClassVC.xib */; };
		A22A181D197781E500A45540 /* Lato-Bla.ttf in Resources */ = {isa = PBXBuildFile; fileRef = A22A1812197781E500A45540 /* Lato-Bla.ttf */; };
		A22A181E197781E500A45540 /* Lato-BlaIta.ttf in Resources */ = {isa = PBXBuildFile; fileRef = A22A1813197781E500A45540 /* Lato-BlaIta.ttf */; };
		A22A181F197781E500A45540 /* Lato-Bol.ttf in Resources */ = {isa = PBXBuildFile; fileRef = A22A1814197781E500A45540 /* Lato-Bol.ttf */; };
		A22A1820197781E500A45540 /* Lato-BolIta.ttf in Resources */ = {isa = PBXBuildFile; fileRef = A22A1815197781E500A45540 /* Lato-BolIta.ttf */; };
		A22A1821197781E500A45540 /* Lato-Hai.ttf in Resources */ = {isa = PBXBuildFile; fileRef = A22A1816197781E500A45540 /* Lato-Hai.ttf */; };
		A22A1822197781E500A45540 /* Lato-HaiIta.ttf in Resources */ = {isa = PBXBuildFile; fileRef = A22A1817197781E500A45540 /* Lato-HaiIta.ttf */; };
		A22A1823197781E500A45540 /* Lato-Lig.ttf in Resources */ = {isa = PBXBuildFile; fileRef = A22A1818197781E500A45540 /* Lato-Lig.ttf */; };
		A22A1824197781E500A45540 /* Lato-LigIta.ttf in Resources */ = {isa = PBXBuildFile; fileRef = A22A1819197781E500A45540 /* Lato-LigIta.ttf */; };
		A22A1825197781E500A45540 /* Lato-Reg.ttf in Resources */ = {isa = PBXBuildFile; fileRef = A22A181A197781E500A45540 /* Lato-Reg.ttf */; };
		A22A1826197781E500A45540 /* Lato-RegIta.ttf in Resources */ = {isa = PBXBuildFile; fileRef = A22A181B197781E500A45540 /* Lato-RegIta.ttf */; };
		A22A1827197781E500A45540 /* SIL Open Font License.txt in Resources */ = {isa = PBXBuildFile; fileRef = A22A181C197781E500A45540 /* SIL Open Font License.txt */; };
		A22A18291977879800A45540 /* AMMNewClass.xib in Resources */ = {isa = PBXBuildFile; fileRef = A22A18281977879800A45540 /* AMMNewClass.xib */; };
		A22A182C197787AC00A45540 /* AMMNewClass.m in Sources */ = {isa = PBXBuildFile; fileRef = A22A182B197787AC00A45540 /* AMMNewClass.m */; };
		A231D542197A06F9006FD823 /* AMMSemesterHeader.xib in Resources */ = {isa = PBXBuildFile; fileRef = A231D541197A06F9006FD823 /* AMMSemesterHeader.xib */; };
		A231D545197A118E006FD823 /* UtilityMethods.m in Sources */ = {isa = PBXBuildFile; fileRef = A231D544197A118E006FD823 /* UtilityMethods.m */; };
		A2374C3B19819A1500D0FCCC /* AMMNewAssignmentCat.m in Sources */ = {isa = PBXBuildFile; fileRef = A2374C3919819A1500D0FCCC /* AMMNewAssignmentCat.m */; };
		A2374C3C19819A1500D0FCCC /* AMMNewAssignmentCat.xib in Resources */ = {isa = PBXBuildFile; fileRef = A2374C3A19819A1500D0FCCC /* AMMNewAssignmentCat.xib */; };
		A2443B3B197B06E700384034 /* AMMSeasonTitle.xib in Resources */ = {isa = PBXBuildFile; fileRef = A2443B3A197B06E700384034 /* AMMSeasonTitle.xib */; };
		A25CA0E719776E0100E9A757 /* Foundation.framework in Frameworks */ = {isa = PBXBuildFile; fileRef = A25CA0E619776E0100E9A757 /* Foundation.framework */; };
		A25CA0E919776E0100E9A757 /* CoreGraphics.framework in Frameworks */ = {isa = PBXBuildFile; fileRef = A25CA0E819776E0100E9A757 /* CoreGraphics.framework */; };
		A25CA0EB19776E0100E9A757 /* UIKit.framework in Frameworks */ = {isa = PBXBuildFile; fileRef = A25CA0EA19776E0100E9A757 /* UIKit.framework */; };
		A25CA0F119776E0100E9A757 /* InfoPlist.strings in Resources */ = {isa = PBXBuildFile; fileRef = A25CA0EF19776E0100E9A757 /* InfoPlist.strings */; };
		A25CA0F319776E0100E9A757 /* main.m in Sources */ = {isa = PBXBuildFile; fileRef = A25CA0F219776E0100E9A757 /* main.m */; };
		A25CA0F719776E0100E9A757 /* AMMAppDelegate.m in Sources */ = {isa = PBXBuildFile; fileRef = A25CA0F619776E0100E9A757 /* AMMAppDelegate.m */; };
		A25CA0F919776E0100E9A757 /* Images.xcassets in Resources */ = {isa = PBXBuildFile; fileRef = A25CA0F819776E0100E9A757 /* Images.xcassets */; };
		A25CA10019776E0100E9A757 /* XCTest.framework in Frameworks */ = {isa = PBXBuildFile; fileRef = A25CA0FF19776E0100E9A757 /* XCTest.framework */; };
		A25CA10119776E0100E9A757 /* Foundation.framework in Frameworks */ = {isa = PBXBuildFile; fileRef = A25CA0E619776E0100E9A757 /* Foundation.framework */; };
		A25CA10219776E0100E9A757 /* UIKit.framework in Frameworks */ = {isa = PBXBuildFile; fileRef = A25CA0EA19776E0100E9A757 /* UIKit.framework */; };
		A25CA10A19776E0100E9A757 /* InfoPlist.strings in Resources */ = {isa = PBXBuildFile; fileRef = A25CA10819776E0100E9A757 /* InfoPlist.strings */; };
		A25CA10C19776E0100E9A757 /* MedianAppTests.m in Sources */ = {isa = PBXBuildFile; fileRef = A25CA10B19776E0100E9A757 /* MedianAppTests.m */; };
		A25CA11E19776E5900E9A757 /* AMMSchoolClassCell.m in Sources */ = {isa = PBXBuildFile; fileRef = A25CA11C19776E5900E9A757 /* AMMSchoolClassCell.m */; };
		A25CA11F19776E5900E9A757 /* AMMSchoolClassCell.xib in Resources */ = {isa = PBXBuildFile; fileRef = A25CA11D19776E5900E9A757 /* AMMSchoolClassCell.xib */; };
		A25CA12619776E8A00E9A757 /* AMMClassCircle.m in Sources */ = {isa = PBXBuildFile; fileRef = A25CA12119776E8A00E9A757 /* AMMClassCircle.m */; };
		A25CA12E19776F9D00E9A757 /* AMMSemesterTVC.m in Sources */ = {isa = PBXBuildFile; fileRef = A25CA12D19776F9D00E9A757 /* AMMSemesterTVC.m */; };
		A27D80A3197C9B3800D8DBEB /* AMMCategoryCell.m in Sources */ = {isa = PBXBuildFile; fileRef = A27D80A1197C9B3800D8DBEB /* AMMCategoryCell.m */; };
		A27D80A4197C9B3800D8DBEB /* AMMCategoryCell.xib in Resources */ = {isa = PBXBuildFile; fileRef = A27D80A2197C9B3800D8DBEB /* AMMCategoryCell.xib */; };
		A27D80AA197C9C4600D8DBEB /* AMMGradeBar.m in Sources */ = {isa = PBXBuildFile; fileRef = A27D80A6197C9C4600D8DBEB /* AMMGradeBar.m */; };
		A2F9251A197788990082D38C /* AMMClassStore.m in Sources */ = {isa = PBXBuildFile; fileRef = A2F92513197788990082D38C /* AMMClassStore.m */; };
		A2F9251B197788990082D38C /* Assignment.m in Sources */ = {isa = PBXBuildFile; fileRef = A2F92515197788990082D38C /* Assignment.m */; };
		A2F9251C197788990082D38C /* AssignmentCategory.m in Sources */ = {isa = PBXBuildFile; fileRef = A2F92517197788990082D38C /* AssignmentCategory.m */; };
		A2F9251D197788990082D38C /* SchoolClass.m in Sources */ = {isa = PBXBuildFile; fileRef = A2F92519197788990082D38C /* SchoolClass.m */; };
		A2F92522197791E60082D38C /* AMMClassVC.xib in Resources */ = {isa = PBXBuildFile; fileRef = A2F92520197791E60082D38C /* AMMClassVC.xib */; };
/* End PBXBuildFile section */

/* Begin PBXContainerItemProxy section */
		A25CA10319776E0100E9A757 /* PBXContainerItemProxy */ = {
			isa = PBXContainerItemProxy;
			containerPortal = A25CA0DB19776E0100E9A757 /* Project object */;
			proxyType = 1;
			remoteGlobalIDString = A25CA0E219776E0100E9A757;
			remoteInfo = MedianApp;
		};
/* End PBXContainerItemProxy section */

/* Begin PBXFileReference section */
		A20E753B19843A82008BE1D8 /* AMMAssignCatTVC.h */ = {isa = PBXFileReference; fileEncoding = 4; lastKnownFileType = sourcecode.c.h; path = AMMAssignCatTVC.h; sourceTree = "<group>"; };
		A20E753C19843A82008BE1D8 /* AMMAssignCatTVC.m */ = {isa = PBXFileReference; fileEncoding = 4; lastKnownFileType = sourcecode.c.objc; path = AMMAssignCatTVC.m; sourceTree = "<group>"; };
		A20E753E19843CD6008BE1D8 /* AMMAssignCatHeader.xib */ = {isa = PBXFileReference; fileEncoding = 4; lastKnownFileType = file.xib; path = AMMAssignCatHeader.xib; sourceTree = "<group>"; };
		A2274514197EFE7D00BB76C4 /* AMMClassPageController.h */ = {isa = PBXFileReference; fileEncoding = 4; lastKnownFileType = sourcecode.c.h; path = AMMClassPageController.h; sourceTree = "<group>"; };
		A2274515197EFE7D00BB76C4 /* AMMClassPageController.m */ = {isa = PBXFileReference; fileEncoding = 4; lastKnownFileType = sourcecode.c.objc; path = AMMClassPageController.m; sourceTree = "<group>"; };
		A2274517197EFF4900BB76C4 /* AMMSchoolClassVC.h */ = {isa = PBXFileReference; fileEncoding = 4; lastKnownFileType = sourcecode.c.h; path = AMMSchoolClassVC.h; sourceTree = "<group>"; };
		A2274518197EFF4900BB76C4 /* AMMSchoolClassVC.m */ = {isa = PBXFileReference; fileEncoding = 4; lastKnownFileType = sourcecode.c.objc; path = AMMSchoolClassVC.m; sourceTree = "<group>"; };
		A2274519197EFF4900BB76C4 /* AMMSchoolClassVC.xib */ = {isa = PBXFileReference; fileEncoding = 4; lastKnownFileType = file.xib; path = AMMSchoolClassVC.xib; sourceTree = "<group>"; };
		A22A1812197781E500A45540 /* Lato-Bla.ttf */ = {isa = PBXFileReference; lastKnownFileType = file; name = "Lato-Bla.ttf"; path = "../../../App/Median/Median/lato/Lato-Bla.ttf"; sourceTree = "<group>"; };
		A22A1813197781E500A45540 /* Lato-BlaIta.ttf */ = {isa = PBXFileReference; lastKnownFileType = file; name = "Lato-BlaIta.ttf"; path = "../../../App/Median/Median/lato/Lato-BlaIta.ttf"; sourceTree = "<group>"; };
		A22A1814197781E500A45540 /* Lato-Bol.ttf */ = {isa = PBXFileReference; lastKnownFileType = file; name = "Lato-Bol.ttf"; path = "../../../App/Median/Median/lato/Lato-Bol.ttf"; sourceTree = "<group>"; };
		A22A1815197781E500A45540 /* Lato-BolIta.ttf */ = {isa = PBXFileReference; lastKnownFileType = file; name = "Lato-BolIta.ttf"; path = "../../../App/Median/Median/lato/Lato-BolIta.ttf"; sourceTree = "<group>"; };
		A22A1816197781E500A45540 /* Lato-Hai.ttf */ = {isa = PBXFileReference; lastKnownFileType = file; name = "Lato-Hai.ttf"; path = "../../../App/Median/Median/lato/Lato-Hai.ttf"; sourceTree = "<group>"; };
		A22A1817197781E500A45540 /* Lato-HaiIta.ttf */ = {isa = PBXFileReference; lastKnownFileType = file; name = "Lato-HaiIta.ttf"; path = "../../../App/Median/Median/lato/Lato-HaiIta.ttf"; sourceTree = "<group>"; };
		A22A1818197781E500A45540 /* Lato-Lig.ttf */ = {isa = PBXFileReference; lastKnownFileType = file; name = "Lato-Lig.ttf"; path = "../../../App/Median/Median/lato/Lato-Lig.ttf"; sourceTree = "<group>"; };
		A22A1819197781E500A45540 /* Lato-LigIta.ttf */ = {isa = PBXFileReference; lastKnownFileType = file; name = "Lato-LigIta.ttf"; path = "../../../App/Median/Median/lato/Lato-LigIta.ttf"; sourceTree = "<group>"; };
		A22A181A197781E500A45540 /* Lato-Reg.ttf */ = {isa = PBXFileReference; lastKnownFileType = file; name = "Lato-Reg.ttf"; path = "../../../App/Median/Median/lato/Lato-Reg.ttf"; sourceTree = "<group>"; };
		A22A181B197781E500A45540 /* Lato-RegIta.ttf */ = {isa = PBXFileReference; lastKnownFileType = file; name = "Lato-RegIta.ttf"; path = "../../../App/Median/Median/lato/Lato-RegIta.ttf"; sourceTree = "<group>"; };
		A22A181C197781E500A45540 /* SIL Open Font License.txt */ = {isa = PBXFileReference; fileEncoding = 4; lastKnownFileType = text; name = "SIL Open Font License.txt"; path = "../../../App/Median/Median/lato/SIL Open Font License.txt"; sourceTree = "<group>"; };
		A22A18281977879800A45540 /* AMMNewClass.xib */ = {isa = PBXFileReference; fileEncoding = 4; lastKnownFileType = file.xib; name = AMMNewClass.xib; path = ../../../App/Median/Median/AMMNewClass.xib; sourceTree = "<group>"; };
		A22A182A197787AC00A45540 /* AMMNewClass.h */ = {isa = PBXFileReference; fileEncoding = 4; lastKnownFileType = sourcecode.c.h; name = AMMNewClass.h; path = ../../../App/Median/Median/AMMNewClass.h; sourceTree = "<group>"; };
		A22A182B197787AC00A45540 /* AMMNewClass.m */ = {isa = PBXFileReference; fileEncoding = 4; lastKnownFileType = sourcecode.c.objc; name = AMMNewClass.m; path = ../../../App/Median/Median/AMMNewClass.m; sourceTree = "<group>"; };
		A231D541197A06F9006FD823 /* AMMSemesterHeader.xib */ = {isa = PBXFileReference; fileEncoding = 4; lastKnownFileType = file.xib; path = AMMSemesterHeader.xib; sourceTree = "<group>"; };
		A231D543197A118E006FD823 /* UtilityMethods.h */ = {isa = PBXFileReference; fileEncoding = 4; lastKnownFileType = sourcecode.c.h; path = UtilityMethods.h; sourceTree = "<group>"; };
		A231D544197A118E006FD823 /* UtilityMethods.m */ = {isa = PBXFileReference; fileEncoding = 4; lastKnownFileType = sourcecode.c.objc; path = UtilityMethods.m; sourceTree = "<group>"; };
		A2374C3819819A1500D0FCCC /* AMMNewAssignmentCat.h */ = {isa = PBXFileReference; fileEncoding = 4; lastKnownFileType = sourcecode.c.h; path = AMMNewAssignmentCat.h; sourceTree = "<group>"; };
		A2374C3919819A1500D0FCCC /* AMMNewAssignmentCat.m */ = {isa = PBXFileReference; fileEncoding = 4; lastKnownFileType = sourcecode.c.objc; path = AMMNewAssignmentCat.m; sourceTree = "<group>"; };
		A2374C3A19819A1500D0FCCC /* AMMNewAssignmentCat.xib */ = {isa = PBXFileReference; fileEncoding = 4; lastKnownFileType = file.xib; path = AMMNewAssignmentCat.xib; sourceTree = "<group>"; };
		A2443B3A197B06E700384034 /* AMMSeasonTitle.xib */ = {isa = PBXFileReference; fileEncoding = 4; lastKnownFileType = file.xib; path = AMMSeasonTitle.xib; sourceTree = "<group>"; };
		A25CA0E319776E0100E9A757 /* MedianApp.app */ = {isa = PBXFileReference; explicitFileType = wrapper.application; includeInIndex = 0; path = MedianApp.app; sourceTree = BUILT_PRODUCTS_DIR; };
		A25CA0E619776E0100E9A757 /* Foundation.framework */ = {isa = PBXFileReference; lastKnownFileType = wrapper.framework; name = Foundation.framework; path = System/Library/Frameworks/Foundation.framework; sourceTree = SDKROOT; };
		A25CA0E819776E0100E9A757 /* CoreGraphics.framework */ = {isa = PBXFileReference; lastKnownFileType = wrapper.framework; name = CoreGraphics.framework; path = System/Library/Frameworks/CoreGraphics.framework; sourceTree = SDKROOT; };
		A25CA0EA19776E0100E9A757 /* UIKit.framework */ = {isa = PBXFileReference; lastKnownFileType = wrapper.framework; name = UIKit.framework; path = System/Library/Frameworks/UIKit.framework; sourceTree = SDKROOT; };
		A25CA0EE19776E0100E9A757 /* MedianApp-Info.plist */ = {isa = PBXFileReference; lastKnownFileType = text.plist.xml; path = "MedianApp-Info.plist"; sourceTree = "<group>"; };
		A25CA0F019776E0100E9A757 /* en */ = {isa = PBXFileReference; lastKnownFileType = text.plist.strings; name = en; path = en.lproj/InfoPlist.strings; sourceTree = "<group>"; };
		A25CA0F219776E0100E9A757 /* main.m */ = {isa = PBXFileReference; lastKnownFileType = sourcecode.c.objc; path = main.m; sourceTree = "<group>"; };
		A25CA0F419776E0100E9A757 /* MedianApp-Prefix.pch */ = {isa = PBXFileReference; lastKnownFileType = sourcecode.c.h; path = "MedianApp-Prefix.pch"; sourceTree = "<group>"; };
		A25CA0F519776E0100E9A757 /* AMMAppDelegate.h */ = {isa = PBXFileReference; lastKnownFileType = sourcecode.c.h; path = AMMAppDelegate.h; sourceTree = "<group>"; };
		A25CA0F619776E0100E9A757 /* AMMAppDelegate.m */ = {isa = PBXFileReference; lastKnownFileType = sourcecode.c.objc; path = AMMAppDelegate.m; sourceTree = "<group>"; };
		A25CA0F819776E0100E9A757 /* Images.xcassets */ = {isa = PBXFileReference; lastKnownFileType = folder.assetcatalog; path = Images.xcassets; sourceTree = "<group>"; };
		A25CA0FE19776E0100E9A757 /* MedianAppTests.xctest */ = {isa = PBXFileReference; explicitFileType = wrapper.cfbundle; includeInIndex = 0; path = MedianAppTests.xctest; sourceTree = BUILT_PRODUCTS_DIR; };
		A25CA0FF19776E0100E9A757 /* XCTest.framework */ = {isa = PBXFileReference; lastKnownFileType = wrapper.framework; name = XCTest.framework; path = Library/Frameworks/XCTest.framework; sourceTree = DEVELOPER_DIR; };
		A25CA10719776E0100E9A757 /* MedianAppTests-Info.plist */ = {isa = PBXFileReference; lastKnownFileType = text.plist.xml; path = "MedianAppTests-Info.plist"; sourceTree = "<group>"; };
		A25CA10919776E0100E9A757 /* en */ = {isa = PBXFileReference; lastKnownFileType = text.plist.strings; name = en; path = en.lproj/InfoPlist.strings; sourceTree = "<group>"; };
		A25CA10B19776E0100E9A757 /* MedianAppTests.m */ = {isa = PBXFileReference; lastKnownFileType = sourcecode.c.objc; path = MedianAppTests.m; sourceTree = "<group>"; };
		A25CA11B19776E5900E9A757 /* AMMSchoolClassCell.h */ = {isa = PBXFileReference; fileEncoding = 4; lastKnownFileType = sourcecode.c.h; path = AMMSchoolClassCell.h; sourceTree = "<group>"; };
		A25CA11C19776E5900E9A757 /* AMMSchoolClassCell.m */ = {isa = PBXFileReference; fileEncoding = 4; lastKnownFileType = sourcecode.c.objc; path = AMMSchoolClassCell.m; sourceTree = "<group>"; };
		A25CA11D19776E5900E9A757 /* AMMSchoolClassCell.xib */ = {isa = PBXFileReference; fileEncoding = 4; lastKnownFileType = file.xib; path = AMMSchoolClassCell.xib; sourceTree = "<group>"; };
		A25CA12019776E8A00E9A757 /* AMMClassCircle.h */ = {isa = PBXFileReference; fileEncoding = 4; lastKnownFileType = sourcecode.c.h; path = AMMClassCircle.h; sourceTree = "<group>"; };
		A25CA12119776E8A00E9A757 /* AMMClassCircle.m */ = {isa = PBXFileReference; fileEncoding = 4; lastKnownFileType = sourcecode.c.objc; path = AMMClassCircle.m; sourceTree = "<group>"; };
		A25CA12C19776F9D00E9A757 /* AMMSemesterTVC.h */ = {isa = PBXFileReference; fileEncoding = 4; lastKnownFileType = sourcecode.c.h; path = AMMSemesterTVC.h; sourceTree = "<group>"; };
		A25CA12D19776F9D00E9A757 /* AMMSemesterTVC.m */ = {isa = PBXFileReference; fileEncoding = 4; lastKnownFileType = sourcecode.c.objc; path = AMMSemesterTVC.m; sourceTree = "<group>"; };
		A27D80A0197C9B3800D8DBEB /* AMMCategoryCell.h */ = {isa = PBXFileReference; fileEncoding = 4; lastKnownFileType = sourcecode.c.h; name = AMMCategoryCell.h; path = ../../../App/Median/AMMCategoryCell.h; sourceTree = "<group>"; };
		A27D80A1197C9B3800D8DBEB /* AMMCategoryCell.m */ = {isa = PBXFileReference; fileEncoding = 4; lastKnownFileType = sourcecode.c.objc; name = AMMCategoryCell.m; path = ../../../App/Median/AMMCategoryCell.m; sourceTree = "<group>"; };
		A27D80A2197C9B3800D8DBEB /* AMMCategoryCell.xib */ = {isa = PBXFileReference; fileEncoding = 4; lastKnownFileType = file.xib; name = AMMCategoryCell.xib; path = ../../../App/Median/AMMCategoryCell.xib; sourceTree = "<group>"; };
		A27D80A5197C9C4600D8DBEB /* AMMGradeBar.h */ = {isa = PBXFileReference; fileEncoding = 4; lastKnownFileType = sourcecode.c.h; name = AMMGradeBar.h; path = ../../../App/Median/Median/AMMGradeBar.h; sourceTree = "<group>"; };
		A27D80A6197C9C4600D8DBEB /* AMMGradeBar.m */ = {isa = PBXFileReference; fileEncoding = 4; lastKnownFileType = sourcecode.c.objc; name = AMMGradeBar.m; path = ../../../App/Median/Median/AMMGradeBar.m; sourceTree = "<group>"; };
		A2F92512197788990082D38C /* AMMClassStore.h */ = {isa = PBXFileReference; fileEncoding = 4; lastKnownFileType = sourcecode.c.h; name = AMMClassStore.h; path = ../../../App/Median/Median/AMMClassStore.h; sourceTree = "<group>"; };
		A2F92513197788990082D38C /* AMMClassStore.m */ = {isa = PBXFileReference; fileEncoding = 4; lastKnownFileType = sourcecode.c.objc; name = AMMClassStore.m; path = ../../../App/Median/Median/AMMClassStore.m; sourceTree = "<group>"; };
		A2F92514197788990082D38C /* Assignment.h */ = {isa = PBXFileReference; fileEncoding = 4; lastKnownFileType = sourcecode.c.h; name = Assignment.h; path = ../../../App/Median/Median/Assignment.h; sourceTree = "<group>"; };
		A2F92515197788990082D38C /* Assignment.m */ = {isa = PBXFileReference; fileEncoding = 4; lastKnownFileType = sourcecode.c.objc; name = Assignment.m; path = ../../../App/Median/Median/Assignment.m; sourceTree = "<group>"; };
		A2F92516197788990082D38C /* AssignmentCategory.h */ = {isa = PBXFileReference; fileEncoding = 4; lastKnownFileType = sourcecode.c.h; name = AssignmentCategory.h; path = ../../../App/Median/Median/AssignmentCategory.h; sourceTree = "<group>"; };
		A2F92517197788990082D38C /* AssignmentCategory.m */ = {isa = PBXFileReference; fileEncoding = 4; lastKnownFileType = sourcecode.c.objc; name = AssignmentCategory.m; path = ../../../App/Median/Median/AssignmentCategory.m; sourceTree = "<group>"; };
		A2F92518197788990082D38C /* SchoolClass.h */ = {isa = PBXFileReference; fileEncoding = 4; lastKnownFileType = sourcecode.c.h; name = SchoolClass.h; path = ../../../App/Median/Median/SchoolClass.h; sourceTree = "<group>"; };
		A2F92519197788990082D38C /* SchoolClass.m */ = {isa = PBXFileReference; fileEncoding = 4; lastKnownFileType = sourcecode.c.objc; name = SchoolClass.m; path = ../../../App/Median/Median/SchoolClass.m; sourceTree = "<group>"; };
		A2F92520197791E60082D38C /* AMMClassVC.xib */ = {isa = PBXFileReference; fileEncoding = 4; lastKnownFileType = file.xib; path = AMMClassVC.xib; sourceTree = "<group>"; };
/* End PBXFileReference section */

/* Begin PBXFrameworksBuildPhase section */
		A25CA0E019776E0100E9A757 /* Frameworks */ = {
			isa = PBXFrameworksBuildPhase;
			buildActionMask = 2147483647;
			files = (
				A25CA0E919776E0100E9A757 /* CoreGraphics.framework in Frameworks */,
				A25CA0EB19776E0100E9A757 /* UIKit.framework in Frameworks */,
				A25CA0E719776E0100E9A757 /* Foundation.framework in Frameworks */,
			);
			runOnlyForDeploymentPostprocessing = 0;
		};
		A25CA0FB19776E0100E9A757 /* Frameworks */ = {
			isa = PBXFrameworksBuildPhase;
			buildActionMask = 2147483647;
			files = (
				A25CA10019776E0100E9A757 /* XCTest.framework in Frameworks */,
				A25CA10219776E0100E9A757 /* UIKit.framework in Frameworks */,
				A25CA10119776E0100E9A757 /* Foundation.framework in Frameworks */,
			);
			runOnlyForDeploymentPostprocessing = 0;
		};
/* End PBXFrameworksBuildPhase section */

/* Begin PBXGroup section */
		A22A1811197781C000A45540 /* Resources */ = {
			isa = PBXGroup;
			children = (
				A22A1812197781E500A45540 /* Lato-Bla.ttf */,
				A22A1813197781E500A45540 /* Lato-BlaIta.ttf */,
				A22A1814197781E500A45540 /* Lato-Bol.ttf */,
				A22A1815197781E500A45540 /* Lato-BolIta.ttf */,
				A22A1816197781E500A45540 /* Lato-Hai.ttf */,
				A22A1817197781E500A45540 /* Lato-HaiIta.ttf */,
				A22A1818197781E500A45540 /* Lato-Lig.ttf */,
				A22A1819197781E500A45540 /* Lato-LigIta.ttf */,
				A22A181A197781E500A45540 /* Lato-Reg.ttf */,
				A22A181B197781E500A45540 /* Lato-RegIta.ttf */,
				A22A181C197781E500A45540 /* SIL Open Font License.txt */,
			);
			name = Resources;
			sourceTree = "<group>";
		};
		A25CA0DA19776E0100E9A757 = {
			isa = PBXGroup;
			children = (
				A25CA0EC19776E0100E9A757 /* MedianApp */,
				A25CA10519776E0100E9A757 /* MedianAppTests */,
				A25CA0E519776E0100E9A757 /* Frameworks */,
				A25CA0E419776E0100E9A757 /* Products */,
			);
			sourceTree = "<group>";
		};
		A25CA0E419776E0100E9A757 /* Products */ = {
			isa = PBXGroup;
			children = (
				A25CA0E319776E0100E9A757 /* MedianApp.app */,
				A25CA0FE19776E0100E9A757 /* MedianAppTests.xctest */,
			);
			name = Products;
			sourceTree = "<group>";
		};
		A25CA0E519776E0100E9A757 /* Frameworks */ = {
			isa = PBXGroup;
			children = (
				A25CA0E619776E0100E9A757 /* Foundation.framework */,
				A25CA0E819776E0100E9A757 /* CoreGraphics.framework */,
				A25CA0EA19776E0100E9A757 /* UIKit.framework */,
				A25CA0FF19776E0100E9A757 /* XCTest.framework */,
			);
			name = Frameworks;
			sourceTree = "<group>";
		};
		A25CA0EC19776E0100E9A757 /* MedianApp */ = {
			isa = PBXGroup;
			children = (
				A25CA0F519776E0100E9A757 /* AMMAppDelegate.h */,
				A25CA0F619776E0100E9A757 /* AMMAppDelegate.m */,
				A22A1811197781C000A45540 /* Resources */,
				A25CA12A19776EA900E9A757 /* Models */,
				A25CA12919776EA300E9A757 /* Views */,
				A25CA12B19776EB300E9A757 /* Controllers */,
				A25CA0F819776E0100E9A757 /* Images.xcassets */,
				A25CA0ED19776E0100E9A757 /* Supporting Files */,
			);
			path = MedianApp;
			sourceTree = "<group>";
		};
		A25CA0ED19776E0100E9A757 /* Supporting Files */ = {
			isa = PBXGroup;
			children = (
				A25CA0EE19776E0100E9A757 /* MedianApp-Info.plist */,
				A25CA0EF19776E0100E9A757 /* InfoPlist.strings */,
				A25CA0F219776E0100E9A757 /* main.m */,
				A25CA0F419776E0100E9A757 /* MedianApp-Prefix.pch */,
			);
			name = "Supporting Files";
			sourceTree = "<group>";
		};
		A25CA10519776E0100E9A757 /* MedianAppTests */ = {
			isa = PBXGroup;
			children = (
				A25CA10B19776E0100E9A757 /* MedianAppTests.m */,
				A25CA10619776E0100E9A757 /* Supporting Files */,
			);
			path = MedianAppTests;
			sourceTree = "<group>";
		};
		A25CA10619776E0100E9A757 /* Supporting Files */ = {
			isa = PBXGroup;
			children = (
				A25CA10719776E0100E9A757 /* MedianAppTests-Info.plist */,
				A25CA10819776E0100E9A757 /* InfoPlist.strings */,
			);
			name = "Supporting Files";
			sourceTree = "<group>";
		};
		A25CA12919776EA300E9A757 /* Views */ = {
			isa = PBXGroup;
			children = (
				A25CA11B19776E5900E9A757 /* AMMSchoolClassCell.h */,
				A25CA11C19776E5900E9A757 /* AMMSchoolClassCell.m */,
				A25CA11D19776E5900E9A757 /* AMMSchoolClassCell.xib */,
				A25CA12019776E8A00E9A757 /* AMMClassCircle.h */,
				A25CA12119776E8A00E9A757 /* AMMClassCircle.m */,
				A22A18281977879800A45540 /* AMMNewClass.xib */,
				A2F92520197791E60082D38C /* AMMClassVC.xib */,
				A2443B3A197B06E700384034 /* AMMSeasonTitle.xib */,
				A231D541197A06F9006FD823 /* AMMSemesterHeader.xib */,
				A27D80A0197C9B3800D8DBEB /* AMMCategoryCell.h */,
				A27D80A1197C9B3800D8DBEB /* AMMCategoryCell.m */,
				A27D80A2197C9B3800D8DBEB /* AMMCategoryCell.xib */,
				A27D80A5197C9C4600D8DBEB /* AMMGradeBar.h */,
				A27D80A6197C9C4600D8DBEB /* AMMGradeBar.m */,
				A2274519197EFF4900BB76C4 /* AMMSchoolClassVC.xib */,
				A2374C3A19819A1500D0FCCC /* AMMNewAssignmentCat.xib */,
				A20E753E19843CD6008BE1D8 /* AMMAssignCatHeader.xib */,
			);
			name = Views;
			sourceTree = "<group>";
		};
		A25CA12A19776EA900E9A757 /* Models */ = {
			isa = PBXGroup;
			children = (
				A2F92512197788990082D38C /* AMMClassStore.h */,
				A2F92513197788990082D38C /* AMMClassStore.m */,
				A2F92514197788990082D38C /* Assignment.h */,
				A2F92515197788990082D38C /* Assignment.m */,
				A2F92516197788990082D38C /* AssignmentCategory.h */,
				A2F92517197788990082D38C /* AssignmentCategory.m */,
				A2F92518197788990082D38C /* SchoolClass.h */,
				A2F92519197788990082D38C /* SchoolClass.m */,
				A231D543197A118E006FD823 /* UtilityMethods.h */,
				A231D544197A118E006FD823 /* UtilityMethods.m */,
			);
			name = Models;
			sourceTree = "<group>";
		};
		A25CA12B19776EB300E9A757 /* Controllers */ = {
			isa = PBXGroup;
			children = (
				A25CA12C19776F9D00E9A757 /* AMMSemesterTVC.h */,
				A25CA12D19776F9D00E9A757 /* AMMSemesterTVC.m */,
				A22A182A197787AC00A45540 /* AMMNewClass.h */,
				A22A182B197787AC00A45540 /* AMMNewClass.m */,
				A2274514197EFE7D00BB76C4 /* AMMClassPageController.h */,
				A2274515197EFE7D00BB76C4 /* AMMClassPageController.m */,
				A2274517197EFF4900BB76C4 /* AMMSchoolClassVC.h */,
				A2274518197EFF4900BB76C4 /* AMMSchoolClassVC.m */,
				A2374C3819819A1500D0FCCC /* AMMNewAssignmentCat.h */,
				A2374C3919819A1500D0FCCC /* AMMNewAssignmentCat.m */,
				A20E753B19843A82008BE1D8 /* AMMAssignCatTVC.h */,
				A20E753C19843A82008BE1D8 /* AMMAssignCatTVC.m */,
			);
			name = Controllers;
			sourceTree = "<group>";
		};
/* End PBXGroup section */

/* Begin PBXNativeTarget section */
		A25CA0E219776E0100E9A757 /* MedianApp */ = {
			isa = PBXNativeTarget;
			buildConfigurationList = A25CA10F19776E0100E9A757 /* Build configuration list for PBXNativeTarget "MedianApp" */;
			buildPhases = (
				A25CA0DF19776E0100E9A757 /* Sources */,
				A25CA0E019776E0100E9A757 /* Frameworks */,
				A25CA0E119776E0100E9A757 /* Resources */,
			);
			buildRules = (
			);
			dependencies = (
			);
			name = MedianApp;
			productName = MedianApp;
			productReference = A25CA0E319776E0100E9A757 /* MedianApp.app */;
			productType = "com.apple.product-type.application";
		};
		A25CA0FD19776E0100E9A757 /* MedianAppTests */ = {
			isa = PBXNativeTarget;
			buildConfigurationList = A25CA11219776E0100E9A757 /* Build configuration list for PBXNativeTarget "MedianAppTests" */;
			buildPhases = (
				A25CA0FA19776E0100E9A757 /* Sources */,
				A25CA0FB19776E0100E9A757 /* Frameworks */,
				A25CA0FC19776E0100E9A757 /* Resources */,
			);
			buildRules = (
			);
			dependencies = (
				A25CA10419776E0100E9A757 /* PBXTargetDependency */,
			);
			name = MedianAppTests;
			productName = MedianAppTests;
			productReference = A25CA0FE19776E0100E9A757 /* MedianAppTests.xctest */;
			productType = "com.apple.product-type.bundle.unit-test";
		};
/* End PBXNativeTarget section */

/* Begin PBXProject section */
		A25CA0DB19776E0100E9A757 /* Project object */ = {
			isa = PBXProject;
			attributes = {
				CLASSPREFIX = AMM;
				LastUpgradeCheck = 0510;
				ORGANIZATIONNAME = "Amaceing Studios";
				TargetAttributes = {
					A25CA0FD19776E0100E9A757 = {
						TestTargetID = A25CA0E219776E0100E9A757;
					};
				};
			};
			buildConfigurationList = A25CA0DE19776E0100E9A757 /* Build configuration list for PBXProject "MedianApp" */;
			compatibilityVersion = "Xcode 3.2";
			developmentRegion = English;
			hasScannedForEncodings = 0;
			knownRegions = (
				en,
			);
			mainGroup = A25CA0DA19776E0100E9A757;
			productRefGroup = A25CA0E419776E0100E9A757 /* Products */;
			projectDirPath = "";
			projectRoot = "";
			targets = (
				A25CA0E219776E0100E9A757 /* MedianApp */,
				A25CA0FD19776E0100E9A757 /* MedianAppTests */,
			);
		};
/* End PBXProject section */

/* Begin PBXResourcesBuildPhase section */
		A25CA0E119776E0100E9A757 /* Resources */ = {
			isa = PBXResourcesBuildPhase;
			buildActionMask = 2147483647;
			files = (
				A227451B197EFF4900BB76C4 /* AMMSchoolClassVC.xib in Resources */,
				A22A181D197781E500A45540 /* Lato-Bla.ttf in Resources */,
				A25CA11F19776E5900E9A757 /* AMMSchoolClassCell.xib in Resources */,
				A22A1820197781E500A45540 /* Lato-BolIta.ttf in Resources */,
				A22A181F197781E500A45540 /* Lato-Bol.ttf in Resources */,
				A25CA0F119776E0100E9A757 /* InfoPlist.strings in Resources */,
				A22A1824197781E500A45540 /* Lato-LigIta.ttf in Resources */,
				A231D542197A06F9006FD823 /* AMMSemesterHeader.xib in Resources */,
				A22A1826197781E500A45540 /* Lato-RegIta.ttf in Resources */,
				A22A1827197781E500A45540 /* SIL Open Font License.txt in Resources */,
				A20E753F19843CD6008BE1D8 /* AMMAssignCatHeader.xib in Resources */,
				A2443B3B197B06E700384034 /* AMMSeasonTitle.xib in Resources */,
				A22A18291977879800A45540 /* AMMNewClass.xib in Resources */,
				A2F92522197791E60082D38C /* AMMClassVC.xib in Resources */,
				A22A181E197781E500A45540 /* Lato-BlaIta.ttf in Resources */,
				A22A1822197781E500A45540 /* Lato-HaiIta.ttf in Resources */,
				A25CA0F919776E0100E9A757 /* Images.xcassets in Resources */,
				A22A1821197781E500A45540 /* Lato-Hai.ttf in Resources */,
				A27D80A4197C9B3800D8DBEB /* AMMCategoryCell.xib in Resources */,
				A2374C3C19819A1500D0FCCC /* AMMNewAssignmentCat.xib in Resources */,
				A22A1823197781E500A45540 /* Lato-Lig.ttf in Resources */,
				A22A1825197781E500A45540 /* Lato-Reg.ttf in Resources */,
			);
			runOnlyForDeploymentPostprocessing = 0;
		};
		A25CA0FC19776E0100E9A757 /* Resources */ = {
			isa = PBXResourcesBuildPhase;
			buildActionMask = 2147483647;
			files = (
				A25CA10A19776E0100E9A757 /* InfoPlist.strings in Resources */,
			);
			runOnlyForDeploymentPostprocessing = 0;
		};
/* End PBXResourcesBuildPhase section */

/* Begin PBXSourcesBuildPhase section */
		A25CA0DF19776E0100E9A757 /* Sources */ = {
			isa = PBXSourcesBuildPhase;
			buildActionMask = 2147483647;
			files = (
				A27D80A3197C9B3800D8DBEB /* AMMCategoryCell.m in Sources */,
				A2F9251D197788990082D38C /* SchoolClass.m in Sources */,
				A2F9251B197788990082D38C /* Assignment.m in Sources */,
				A2274516197EFE7D00BB76C4 /* AMMClassPageController.m in Sources */,
				A25CA0F719776E0100E9A757 /* AMMAppDelegate.m in Sources */,
				A25CA11E19776E5900E9A757 /* AMMSchoolClassCell.m in Sources */,
				A2374C3B19819A1500D0FCCC /* AMMNewAssignmentCat.m in Sources */,
				A2F9251C197788990082D38C /* AssignmentCategory.m in Sources */,
				A25CA12619776E8A00E9A757 /* AMMClassCircle.m in Sources */,
				A25CA12E19776F9D00E9A757 /* AMMSemesterTVC.m in Sources */,
				A20E753D19843A82008BE1D8 /* AMMAssignCatTVC.m in Sources */,
				A22A182C197787AC00A45540 /* AMMNewClass.m in Sources */,
				A25CA0F319776E0100E9A757 /* main.m in Sources */,
				A2F9251A197788990082D38C /* AMMClassStore.m in Sources */,
				A27D80AA197C9C4600D8DBEB /* AMMGradeBar.m in Sources */,
				A231D545197A118E006FD823 /* UtilityMethods.m in Sources */,
				A227451A197EFF4900BB76C4 /* AMMSchoolClassVC.m in Sources */,
			);
			runOnlyForDeploymentPostprocessing = 0;
		};
		A25CA0FA19776E0100E9A757 /* Sources */ = {
			isa = PBXSourcesBuildPhase;
			buildActionMask = 2147483647;
			files = (
				A25CA10C19776E0100E9A757 /* MedianAppTests.m in Sources */,
			);
			runOnlyForDeploymentPostprocessing = 0;
		};
/* End PBXSourcesBuildPhase section */

/* Begin PBXTargetDependency section */
		A25CA10419776E0100E9A757 /* PBXTargetDependency */ = {
			isa = PBXTargetDependency;
			target = A25CA0E219776E0100E9A757 /* MedianApp */;
			targetProxy = A25CA10319776E0100E9A757 /* PBXContainerItemProxy */;
		};
/* End PBXTargetDependency section */

/* Begin PBXVariantGroup section */
		A25CA0EF19776E0100E9A757 /* InfoPlist.strings */ = {
			isa = PBXVariantGroup;
			children = (
				A25CA0F019776E0100E9A757 /* en */,
			);
			name = InfoPlist.strings;
			sourceTree = "<group>";
		};
		A25CA10819776E0100E9A757 /* InfoPlist.strings */ = {
			isa = PBXVariantGroup;
			children = (
				A25CA10919776E0100E9A757 /* en */,
			);
			name = InfoPlist.strings;
			sourceTree = "<group>";
		};
/* End PBXVariantGroup section */

/* Begin XCBuildConfiguration section */
		A25CA10D19776E0100E9A757 /* Debug */ = {
			isa = XCBuildConfiguration;
			buildSettings = {
				ALWAYS_SEARCH_USER_PATHS = NO;
				CLANG_CXX_LANGUAGE_STANDARD = "gnu++0x";
				CLANG_CXX_LIBRARY = "libc++";
				CLANG_ENABLE_MODULES = YES;
				CLANG_ENABLE_OBJC_ARC = YES;
				CLANG_WARN_BOOL_CONVERSION = YES;
				CLANG_WARN_CONSTANT_CONVERSION = YES;
				CLANG_WARN_DIRECT_OBJC_ISA_USAGE = YES_ERROR;
				CLANG_WARN_EMPTY_BODY = YES;
				CLANG_WARN_ENUM_CONVERSION = YES;
				CLANG_WARN_INT_CONVERSION = YES;
				CLANG_WARN_OBJC_ROOT_CLASS = YES_ERROR;
				CLANG_WARN__DUPLICATE_METHOD_MATCH = YES;
				"CODE_SIGN_IDENTITY[sdk=iphoneos*]" = "iPhone Developer";
				COPY_PHASE_STRIP = NO;
				GCC_C_LANGUAGE_STANDARD = gnu99;
				GCC_DYNAMIC_NO_PIC = NO;
				GCC_OPTIMIZATION_LEVEL = 0;
				GCC_PREPROCESSOR_DEFINITIONS = (
					"DEBUG=1",
					"$(inherited)",
				);
				GCC_SYMBOLS_PRIVATE_EXTERN = NO;
				GCC_WARN_64_TO_32_BIT_CONVERSION = YES;
				GCC_WARN_ABOUT_RETURN_TYPE = YES_ERROR;
				GCC_WARN_UNDECLARED_SELECTOR = YES;
				GCC_WARN_UNINITIALIZED_AUTOS = YES_AGGRESSIVE;
				GCC_WARN_UNUSED_FUNCTION = YES;
				GCC_WARN_UNUSED_VARIABLE = YES;
				IPHONEOS_DEPLOYMENT_TARGET = 7.1;
				ONLY_ACTIVE_ARCH = YES;
				SDKROOT = iphoneos;
			};
			name = Debug;
		};
		A25CA10E19776E0100E9A757 /* Release */ = {
			isa = XCBuildConfiguration;
			buildSettings = {
				ALWAYS_SEARCH_USER_PATHS = NO;
				CLANG_CXX_LANGUAGE_STANDARD = "gnu++0x";
				CLANG_CXX_LIBRARY = "libc++";
				CLANG_ENABLE_MODULES = YES;
				CLANG_ENABLE_OBJC_ARC = YES;
				CLANG_WARN_BOOL_CONVERSION = YES;
				CLANG_WARN_CONSTANT_CONVERSION = YES;
				CLANG_WARN_DIRECT_OBJC_ISA_USAGE = YES_ERROR;
				CLANG_WARN_EMPTY_BODY = YES;
				CLANG_WARN_ENUM_CONVERSION = YES;
				CLANG_WARN_INT_CONVERSION = YES;
				CLANG_WARN_OBJC_ROOT_CLASS = YES_ERROR;
				CLANG_WARN__DUPLICATE_METHOD_MATCH = YES;
				"CODE_SIGN_IDENTITY[sdk=iphoneos*]" = "iPhone Developer";
				COPY_PHASE_STRIP = YES;
				ENABLE_NS_ASSERTIONS = NO;
				GCC_C_LANGUAGE_STANDARD = gnu99;
				GCC_WARN_64_TO_32_BIT_CONVERSION = YES;
				GCC_WARN_ABOUT_RETURN_TYPE = YES_ERROR;
				GCC_WARN_UNDECLARED_SELECTOR = YES;
				GCC_WARN_UNINITIALIZED_AUTOS = YES_AGGRESSIVE;
				GCC_WARN_UNUSED_FUNCTION = YES;
				GCC_WARN_UNUSED_VARIABLE = YES;
				IPHONEOS_DEPLOYMENT_TARGET = 7.1;
				SDKROOT = iphoneos;
				VALIDATE_PRODUCT = YES;
			};
			name = Release;
		};
		A25CA11019776E0100E9A757 /* Debug */ = {
			isa = XCBuildConfiguration;
			buildSettings = {
				ASSETCATALOG_COMPILER_APPICON_NAME = AppIcon;
				ASSETCATALOG_COMPILER_LAUNCHIMAGE_NAME = LaunchImage;
				GCC_PRECOMPILE_PREFIX_HEADER = YES;
				GCC_PREFIX_HEADER = "MedianApp/MedianApp-Prefix.pch";
				INFOPLIST_FILE = "MedianApp/MedianApp-Info.plist";
				PRODUCT_NAME = "$(TARGET_NAME)";
				WRAPPER_EXTENSION = app;
			};
			name = Debug;
		};
		A25CA11119776E0100E9A757 /* Release */ = {
			isa = XCBuildConfiguration;
			buildSettings = {
				ASSETCATALOG_COMPILER_APPICON_NAME = AppIcon;
				ASSETCATALOG_COMPILER_LAUNCHIMAGE_NAME = LaunchImage;
				GCC_PRECOMPILE_PREFIX_HEADER = YES;
				GCC_PREFIX_HEADER = "MedianApp/MedianApp-Prefix.pch";
				INFOPLIST_FILE = "MedianApp/MedianApp-Info.plist";
				PRODUCT_NAME = "$(TARGET_NAME)";
				WRAPPER_EXTENSION = app;
			};
			name = Release;
		};
		A25CA11319776E0100E9A757 /* Debug */ = {
			isa = XCBuildConfiguration;
			buildSettings = {
				BUNDLE_LOADER = "$(BUILT_PRODUCTS_DIR)/MedianApp.app/MedianApp";
				FRAMEWORK_SEARCH_PATHS = (
					"$(SDKROOT)/Developer/Library/Frameworks",
					"$(inherited)",
					"$(DEVELOPER_FRAMEWORKS_DIR)",
				);
				GCC_PRECOMPILE_PREFIX_HEADER = YES;
				GCC_PREFIX_HEADER = "MedianApp/MedianApp-Prefix.pch";
				GCC_PREPROCESSOR_DEFINITIONS = (
					"DEBUG=1",
					"$(inherited)",
				);
				INFOPLIST_FILE = "MedianAppTests/MedianAppTests-Info.plist";
				PRODUCT_NAME = "$(TARGET_NAME)";
				TEST_HOST = "$(BUNDLE_LOADER)";
				WRAPPER_EXTENSION = xctest;
			};
			name = Debug;
		};
		A25CA11419776E0100E9A757 /* Release */ = {
			isa = XCBuildConfiguration;
			buildSettings = {
				BUNDLE_LOADER = "$(BUILT_PRODUCTS_DIR)/MedianApp.app/MedianApp";
				FRAMEWORK_SEARCH_PATHS = (
					"$(SDKROOT)/Developer/Library/Frameworks",
					"$(inherited)",
					"$(DEVELOPER_FRAMEWORKS_DIR)",
				);
				GCC_PRECOMPILE_PREFIX_HEADER = YES;
				GCC_PREFIX_HEADER = "MedianApp/MedianApp-Prefix.pch";
				INFOPLIST_FILE = "MedianAppTests/MedianAppTests-Info.plist";
				PRODUCT_NAME = "$(TARGET_NAME)";
				TEST_HOST = "$(BUNDLE_LOADER)";
				WRAPPER_EXTENSION = xctest;
			};
			name = Release;
		};
/* End XCBuildConfiguration section */

/* Begin XCConfigurationList section */
		A25CA0DE19776E0100E9A757 /* Build configuration list for PBXProject "MedianApp" */ = {
			isa = XCConfigurationList;
			buildConfigurations = (
				A25CA10D19776E0100E9A757 /* Debug */,
				A25CA10E19776E0100E9A757 /* Release */,
			);
			defaultConfigurationIsVisible = 0;
			defaultConfigurationName = Release;
		};
		A25CA10F19776E0100E9A757 /* Build configuration list for PBXNativeTarget "MedianApp" */ = {
			isa = XCConfigurationList;
			buildConfigurations = (
				A25CA11019776E0100E9A757 /* Debug */,
				A25CA11119776E0100E9A757 /* Release */,
			);
			defaultConfigurationIsVisible = 0;
			defaultConfigurationName = Release;
		};
		A25CA11219776E0100E9A757 /* Build configuration list for PBXNativeTarget "MedianAppTests" */ = {
			isa = XCConfigurationList;
			buildConfigurations = (
				A25CA11319776E0100E9A757 /* Debug */,
				A25CA11419776E0100E9A757 /* Release */,
			);
			defaultConfigurationIsVisible = 0;
			defaultConfigurationName = Release;
		};
/* End XCConfigurationList section */
	};
	rootObject = A25CA0DB19776E0100E9A757 /* Project object */;
}
